// !$*UTF8*$!
{
	archiveVersion = 1;
	classes = {
	};
	objectVersion = 42;
	objects = {

/* Begin PBXBuildFile section */
		340CBE8C134B4FE9005E9267 /* ofxTCPClient.cpp in Sources */ = {isa = PBXBuildFile; fileRef = 340CBE84134B4FE9005E9267 /* ofxTCPClient.cpp */; };
		340CBE8D134B4FE9005E9267 /* ofxTCPManager.cpp in Sources */ = {isa = PBXBuildFile; fileRef = 340CBE86134B4FE9005E9267 /* ofxTCPManager.cpp */; };
		340CBE8E134B4FE9005E9267 /* ofxTCPServer.cpp in Sources */ = {isa = PBXBuildFile; fileRef = 340CBE88134B4FE9005E9267 /* ofxTCPServer.cpp */; };
		340CBE8F134B4FE9005E9267 /* ofxUDPManager.cpp in Sources */ = {isa = PBXBuildFile; fileRef = 340CBE8A134B4FE9005E9267 /* ofxUDPManager.cpp */; };
		340CBEA9134B4FFC005E9267 /* ofxThread.cpp in Sources */ = {isa = PBXBuildFile; fileRef = 340CBEA7134B4FFC005E9267 /* ofxThread.cpp */; };
		3461EDDE134E6EFB0093B552 /* ofxGui.cpp in Sources */ = {isa = PBXBuildFile; fileRef = 3461EDB9134E6EFB0093B552 /* ofxGui.cpp */; };
		3461EDDF134E6EFB0093B552 /* ofxGuiButton.cpp in Sources */ = {isa = PBXBuildFile; fileRef = 3461EDBC134E6EFB0093B552 /* ofxGuiButton.cpp */; };
		3461EDE0134E6EFB0093B552 /* ofxGuiColor.cpp in Sources */ = {isa = PBXBuildFile; fileRef = 3461EDBE134E6EFB0093B552 /* ofxGuiColor.cpp */; };
		3461EDE1134E6EFB0093B552 /* ofxGuiFiles.cpp in Sources */ = {isa = PBXBuildFile; fileRef = 3461EDC0134E6EFB0093B552 /* ofxGuiFiles.cpp */; };
		3461EDE2134E6EFB0093B552 /* ofxGuiGlobals.cpp in Sources */ = {isa = PBXBuildFile; fileRef = 3461EDC2134E6EFB0093B552 /* ofxGuiGlobals.cpp */; };
		3461EDE3134E6EFB0093B552 /* ofxGuiKnob.cpp in Sources */ = {isa = PBXBuildFile; fileRef = 3461EDC4134E6EFB0093B552 /* ofxGuiKnob.cpp */; };
		3461EDE4134E6EFB0093B552 /* ofxGuiMatrix.cpp in Sources */ = {isa = PBXBuildFile; fileRef = 3461EDC6134E6EFB0093B552 /* ofxGuiMatrix.cpp */; };
		3461EDE5134E6EFB0093B552 /* ofxGuiMovable.cpp in Sources */ = {isa = PBXBuildFile; fileRef = 3461EDC8134E6EFB0093B552 /* ofxGuiMovable.cpp */; };
		3461EDE6134E6EFB0093B552 /* ofxGuiObject.cpp in Sources */ = {isa = PBXBuildFile; fileRef = 3461EDCA134E6EFB0093B552 /* ofxGuiObject.cpp */; };
		3461EDE7134E6EFB0093B552 /* ofxGuiPanel.cpp in Sources */ = {isa = PBXBuildFile; fileRef = 3461EDCC134E6EFB0093B552 /* ofxGuiPanel.cpp */; };
		3461EDE8134E6EFB0093B552 /* ofxGuiPoints.cpp in Sources */ = {isa = PBXBuildFile; fileRef = 3461EDCE134E6EFB0093B552 /* ofxGuiPoints.cpp */; };
		3461EDE9134E6EFB0093B552 /* ofxGuiRadar.cpp in Sources */ = {isa = PBXBuildFile; fileRef = 3461EDD0134E6EFB0093B552 /* ofxGuiRadar.cpp */; };
		3461EDEA134E6EFB0093B552 /* ofxGuiScope.cpp in Sources */ = {isa = PBXBuildFile; fileRef = 3461EDD2134E6EFB0093B552 /* ofxGuiScope.cpp */; };
		3461EDEB134E6EFB0093B552 /* ofxGuiSlider.cpp in Sources */ = {isa = PBXBuildFile; fileRef = 3461EDD4134E6EFB0093B552 /* ofxGuiSlider.cpp */; };
		3461EDEC134E6EFB0093B552 /* ofxGuiSwitch.cpp in Sources */ = {isa = PBXBuildFile; fileRef = 3461EDD6134E6EFB0093B552 /* ofxGuiSwitch.cpp */; };
		3461EDED134E6EFB0093B552 /* ofxGuiXYPad.cpp in Sources */ = {isa = PBXBuildFile; fileRef = 3461EDD9134E6EFB0093B552 /* ofxGuiXYPad.cpp */; };
		3461EE04134E6F440093B552 /* ofxDirList.cpp in Sources */ = {isa = PBXBuildFile; fileRef = 3461EE02134E6F440093B552 /* ofxDirList.cpp */; };
		3461EE11134E6F570093B552 /* tinyxml.cpp in Sources */ = {isa = PBXBuildFile; fileRef = 3461EE0A134E6F570093B552 /* tinyxml.cpp */; };
		3461EE12134E6F570093B552 /* tinyxmlerror.cpp in Sources */ = {isa = PBXBuildFile; fileRef = 3461EE0C134E6F570093B552 /* tinyxmlerror.cpp */; };
		3461EE13134E6F570093B552 /* tinyxmlparser.cpp in Sources */ = {isa = PBXBuildFile; fileRef = 3461EE0D134E6F570093B552 /* tinyxmlparser.cpp */; };
		3461EE14134E6F570093B552 /* ofxXmlSettings.cpp in Sources */ = {isa = PBXBuildFile; fileRef = 3461EE0F134E6F570093B552 /* ofxXmlSettings.cpp */; };
		3461EE27134E6F6A0093B552 /* ofxMatrix3x3.cpp in Sources */ = {isa = PBXBuildFile; fileRef = 3461EE1A134E6F6A0093B552 /* ofxMatrix3x3.cpp */; };
		3461EE28134E6F6A0093B552 /* ofxMatrix4x4.cpp in Sources */ = {isa = PBXBuildFile; fileRef = 3461EE1C134E6F6A0093B552 /* ofxMatrix4x4.cpp */; };
		3461EE29134E6F6A0093B552 /* ofxQuaternion.cpp in Sources */ = {isa = PBXBuildFile; fileRef = 3461EE21134E6F6A0093B552 /* ofxQuaternion.cpp */; };
		34E88917134E3CA800DA4D30 /* openCV.a in Frameworks */ = {isa = PBXBuildFile; fileRef = 34E88905134E3CA800DA4D30 /* openCV.a */; };
		34E88918134E3CA800DA4D30 /* ofxCvColorImage.cpp in Sources */ = {isa = PBXBuildFile; fileRef = 34E88908134E3CA800DA4D30 /* ofxCvColorImage.cpp */; };
		34E88919134E3CA800DA4D30 /* ofxCvContourFinder.cpp in Sources */ = {isa = PBXBuildFile; fileRef = 34E8890B134E3CA800DA4D30 /* ofxCvContourFinder.cpp */; };
		34E8891A134E3CA800DA4D30 /* ofxCvFloatImage.cpp in Sources */ = {isa = PBXBuildFile; fileRef = 34E8890D134E3CA800DA4D30 /* ofxCvFloatImage.cpp */; };
		34E8891B134E3CA800DA4D30 /* ofxCvGrayscaleImage.cpp in Sources */ = {isa = PBXBuildFile; fileRef = 34E8890F134E3CA800DA4D30 /* ofxCvGrayscaleImage.cpp */; };
		34E8891C134E3CA800DA4D30 /* ofxCvImage.cpp in Sources */ = {isa = PBXBuildFile; fileRef = 34E88911134E3CA800DA4D30 /* ofxCvImage.cpp */; };
		34E8891D134E3CA800DA4D30 /* ofxCvShortImage.cpp in Sources */ = {isa = PBXBuildFile; fileRef = 34E88914134E3CA800DA4D30 /* ofxCvShortImage.cpp */; };
		34E889AD134E3EA500DA4D30 /* ARTK_Plus.a in Frameworks */ = {isa = PBXBuildFile; fileRef = 34E8896E134E3EA500DA4D30 /* ARTK_Plus.a */; };
		34E88B52134E570800DA4D30 /* ofxFBOTexture.cpp in Sources */ = {isa = PBXBuildFile; fileRef = 34E88B50134E570800DA4D30 /* ofxFBOTexture.cpp */; };
		E45BE0AA0E8CC67C009D7055 /* GLee.a in Frameworks */ = {isa = PBXBuildFile; fileRef = E45BE0A90E8CC67C009D7055 /* GLee.a */; };
		E45BE2E40E8CC69C009D7055 /* rtAudio.a in Frameworks */ = {isa = PBXBuildFile; fileRef = E45BE2E30E8CC69C009D7055 /* rtAudio.a */; };
		E45BE97B0E8CC7DD009D7055 /* AGL.framework in Frameworks */ = {isa = PBXBuildFile; fileRef = E45BE9710E8CC7DD009D7055 /* AGL.framework */; };
		E45BE97C0E8CC7DD009D7055 /* ApplicationServices.framework in Frameworks */ = {isa = PBXBuildFile; fileRef = E45BE9720E8CC7DD009D7055 /* ApplicationServices.framework */; };
		E45BE97D0E8CC7DD009D7055 /* AudioToolbox.framework in Frameworks */ = {isa = PBXBuildFile; fileRef = E45BE9730E8CC7DD009D7055 /* AudioToolbox.framework */; };
		E45BE97E0E8CC7DD009D7055 /* Carbon.framework in Frameworks */ = {isa = PBXBuildFile; fileRef = E45BE9740E8CC7DD009D7055 /* Carbon.framework */; };
		E45BE97F0E8CC7DD009D7055 /* CoreAudio.framework in Frameworks */ = {isa = PBXBuildFile; fileRef = E45BE9750E8CC7DD009D7055 /* CoreAudio.framework */; };
		E45BE9800E8CC7DD009D7055 /* CoreFoundation.framework in Frameworks */ = {isa = PBXBuildFile; fileRef = E45BE9760E8CC7DD009D7055 /* CoreFoundation.framework */; };
		E45BE9810E8CC7DD009D7055 /* CoreServices.framework in Frameworks */ = {isa = PBXBuildFile; fileRef = E45BE9770E8CC7DD009D7055 /* CoreServices.framework */; };
		E45BE9830E8CC7DD009D7055 /* OpenGL.framework in Frameworks */ = {isa = PBXBuildFile; fileRef = E45BE9790E8CC7DD009D7055 /* OpenGL.framework */; };
		E45BE9840E8CC7DD009D7055 /* QuickTime.framework in Frameworks */ = {isa = PBXBuildFile; fileRef = E45BE97A0E8CC7DD009D7055 /* QuickTime.framework */; };
		E4B69E200A3A1BDC003C02F2 /* main.cpp in Sources */ = {isa = PBXBuildFile; fileRef = E4B69E1D0A3A1BDC003C02F2 /* main.cpp */; };
		E4B69E210A3A1BDC003C02F2 /* testApp.cpp in Sources */ = {isa = PBXBuildFile; fileRef = E4B69E1E0A3A1BDC003C02F2 /* testApp.cpp */; };
		E4C2422B10CC554B004149E2 /* openFrameworksDebug.a in Frameworks */ = {isa = PBXBuildFile; fileRef = E4C2421E10CC549C004149E2 /* openFrameworksDebug.a */; };
		E4C2424710CC5A17004149E2 /* AppKit.framework in Frameworks */ = {isa = PBXBuildFile; fileRef = E4C2424410CC5A17004149E2 /* AppKit.framework */; };
		E4C2424810CC5A17004149E2 /* Cocoa.framework in Frameworks */ = {isa = PBXBuildFile; fileRef = E4C2424510CC5A17004149E2 /* Cocoa.framework */; };
		E4C2424910CC5A17004149E2 /* IOKit.framework in Frameworks */ = {isa = PBXBuildFile; fileRef = E4C2424610CC5A17004149E2 /* IOKit.framework */; };
		E4C2426610CC5A78004149E2 /* GLUT.framework in Frameworks */ = {isa = PBXBuildFile; fileRef = E4C2425F10CC5A78004149E2 /* GLUT.framework */; };
		E4C2426B10CC5AA6004149E2 /* GLUT.framework in CopyFiles */ = {isa = PBXBuildFile; fileRef = E4C2425F10CC5A78004149E2 /* GLUT.framework */; };
		E4C2427F10CC5B66004149E2 /* CppUnit.a in Frameworks */ = {isa = PBXBuildFile; fileRef = E4C2427A10CC5B66004149E2 /* CppUnit.a */; };
		E4C2428010CC5B66004149E2 /* PocoFoundation.a in Frameworks */ = {isa = PBXBuildFile; fileRef = E4C2427B10CC5B66004149E2 /* PocoFoundation.a */; };
		E4C2428110CC5B66004149E2 /* PocoNet.a in Frameworks */ = {isa = PBXBuildFile; fileRef = E4C2427C10CC5B66004149E2 /* PocoNet.a */; };
		E4C2428210CC5B66004149E2 /* PocoUtil.a in Frameworks */ = {isa = PBXBuildFile; fileRef = E4C2427D10CC5B66004149E2 /* PocoUtil.a */; };
		E4C2428310CC5B66004149E2 /* PocoXML.a in Frameworks */ = {isa = PBXBuildFile; fileRef = E4C2427E10CC5B66004149E2 /* PocoXML.a */; };
		E4C2429410CC5C38004149E2 /* freetype.a in Frameworks */ = {isa = PBXBuildFile; fileRef = E4C2429310CC5C38004149E2 /* freetype.a */; };
		E4C242CD10CC650E004149E2 /* libfmodex.dylib in Frameworks */ = {isa = PBXBuildFile; fileRef = E4C242CC10CC650E004149E2 /* libfmodex.dylib */; };
		E4C2443910CC7693004149E2 /* openFrameworks-Info.plist in CopyFiles */ = {isa = PBXBuildFile; fileRef = E4B6FCAD0C3E899E008CF71C /* openFrameworks-Info.plist */; };
		E4C246DA10CCAE22004149E2 /* freeimage.a in Frameworks */ = {isa = PBXBuildFile; fileRef = E4C246D910CCAE22004149E2 /* freeimage.a */; };
/* End PBXBuildFile section */

/* Begin PBXContainerItemProxy section */
		E4C2421D10CC549C004149E2 /* PBXContainerItemProxy */ = {
			isa = PBXContainerItemProxy;
			containerPortal = E4C2421610CC549C004149E2 /* openFrameworksLib.xcodeproj */;
			proxyType = 2;
			remoteGlobalIDString = E4B27C1510CBEB8E00536013;
			remoteInfo = openFrameworks;
		};
		E4C2422710CC54DA004149E2 /* PBXContainerItemProxy */ = {
			isa = PBXContainerItemProxy;
			containerPortal = E4C2421610CC549C004149E2 /* openFrameworksLib.xcodeproj */;
			proxyType = 1;
			remoteGlobalIDString = E4B27C1410CBEB8E00536013;
			remoteInfo = openFrameworks;
		};
/* End PBXContainerItemProxy section */

/* Begin PBXCopyFilesBuildPhase section */
		E4C2427710CC5ABF004149E2 /* CopyFiles */ = {
			isa = PBXCopyFilesBuildPhase;
			buildActionMask = 2147483647;
			dstPath = "";
			dstSubfolderSpec = 10;
			files = (
				E4C2426B10CC5AA6004149E2 /* GLUT.framework in CopyFiles */,
			);
			runOnlyForDeploymentPostprocessing = 0;
		};
		E4C2444710CC769B004149E2 /* CopyFiles */ = {
			isa = PBXCopyFilesBuildPhase;
			buildActionMask = 2147483647;
			dstPath = "";
			dstSubfolderSpec = 7;
			files = (
				E4C2443910CC7693004149E2 /* openFrameworks-Info.plist in CopyFiles */,
			);
			runOnlyForDeploymentPostprocessing = 0;
		};
/* End PBXCopyFilesBuildPhase section */

/* Begin PBXFileReference section */
		340CBE7F134B4FE9005E9267 /* Instructions.txt */ = {isa = PBXFileReference; fileEncoding = 4; lastKnownFileType = text; name = Instructions.txt; path = ../../addons/ofxNetwork/docs/Instructions.txt; sourceTree = SOURCE_ROOT; };
		340CBE80134B4FE9005E9267 /* install.xml */ = {isa = PBXFileReference; fileEncoding = 4; lastKnownFileType = text.xml; name = install.xml; path = ../../addons/ofxNetwork/install.xml; sourceTree = SOURCE_ROOT; };
		340CBE82134B4FE9005E9267 /* ofxNetwork.h */ = {isa = PBXFileReference; fileEncoding = 4; lastKnownFileType = sourcecode.c.h; name = ofxNetwork.h; path = ../../addons/ofxNetwork/src/ofxNetwork.h; sourceTree = SOURCE_ROOT; };
		340CBE83134B4FE9005E9267 /* ofxNetworkUtils.h */ = {isa = PBXFileReference; fileEncoding = 4; lastKnownFileType = sourcecode.c.h; name = ofxNetworkUtils.h; path = ../../addons/ofxNetwork/src/ofxNetworkUtils.h; sourceTree = SOURCE_ROOT; };
		340CBE84134B4FE9005E9267 /* ofxTCPClient.cpp */ = {isa = PBXFileReference; fileEncoding = 4; lastKnownFileType = sourcecode.cpp.cpp; name = ofxTCPClient.cpp; path = ../../addons/ofxNetwork/src/ofxTCPClient.cpp; sourceTree = SOURCE_ROOT; };
		340CBE85134B4FE9005E9267 /* ofxTCPClient.h */ = {isa = PBXFileReference; fileEncoding = 4; lastKnownFileType = sourcecode.c.h; name = ofxTCPClient.h; path = ../../addons/ofxNetwork/src/ofxTCPClient.h; sourceTree = SOURCE_ROOT; };
		340CBE86134B4FE9005E9267 /* ofxTCPManager.cpp */ = {isa = PBXFileReference; fileEncoding = 4; lastKnownFileType = sourcecode.cpp.cpp; name = ofxTCPManager.cpp; path = ../../addons/ofxNetwork/src/ofxTCPManager.cpp; sourceTree = SOURCE_ROOT; };
		340CBE87134B4FE9005E9267 /* ofxTCPManager.h */ = {isa = PBXFileReference; fileEncoding = 4; lastKnownFileType = sourcecode.c.h; name = ofxTCPManager.h; path = ../../addons/ofxNetwork/src/ofxTCPManager.h; sourceTree = SOURCE_ROOT; };
		340CBE88134B4FE9005E9267 /* ofxTCPServer.cpp */ = {isa = PBXFileReference; fileEncoding = 4; lastKnownFileType = sourcecode.cpp.cpp; name = ofxTCPServer.cpp; path = ../../addons/ofxNetwork/src/ofxTCPServer.cpp; sourceTree = SOURCE_ROOT; };
		340CBE89134B4FE9005E9267 /* ofxTCPServer.h */ = {isa = PBXFileReference; fileEncoding = 4; lastKnownFileType = sourcecode.c.h; name = ofxTCPServer.h; path = ../../addons/ofxNetwork/src/ofxTCPServer.h; sourceTree = SOURCE_ROOT; };
		340CBE8A134B4FE9005E9267 /* ofxUDPManager.cpp */ = {isa = PBXFileReference; fileEncoding = 4; lastKnownFileType = sourcecode.cpp.cpp; name = ofxUDPManager.cpp; path = ../../addons/ofxNetwork/src/ofxUDPManager.cpp; sourceTree = SOURCE_ROOT; };
		340CBE8B134B4FE9005E9267 /* ofxUDPManager.h */ = {isa = PBXFileReference; fileEncoding = 4; lastKnownFileType = sourcecode.c.h; name = ofxUDPManager.h; path = ../../addons/ofxNetwork/src/ofxUDPManager.h; sourceTree = SOURCE_ROOT; };
		340CBEA4134B4FFC005E9267 /* Instructions.txt */ = {isa = PBXFileReference; fileEncoding = 4; lastKnownFileType = text; name = Instructions.txt; path = ../../addons/ofxThread/docs/Instructions.txt; sourceTree = SOURCE_ROOT; };
		340CBEA5134B4FFC005E9267 /* install.xml */ = {isa = PBXFileReference; fileEncoding = 4; lastKnownFileType = text.xml; name = install.xml; path = ../../addons/ofxThread/install.xml; sourceTree = SOURCE_ROOT; };
		340CBEA7134B4FFC005E9267 /* ofxThread.cpp */ = {isa = PBXFileReference; fileEncoding = 4; lastKnownFileType = sourcecode.cpp.cpp; name = ofxThread.cpp; path = ../../addons/ofxThread/src/ofxThread.cpp; sourceTree = SOURCE_ROOT; };
		340CBEA8134B4FFC005E9267 /* ofxThread.h */ = {isa = PBXFileReference; fileEncoding = 4; lastKnownFileType = sourcecode.c.h; name = ofxThread.h; path = ../../addons/ofxThread/src/ofxThread.h; sourceTree = SOURCE_ROOT; };
		3461EDA0134E6EFB0093B552 /* .gitignore */ = {isa = PBXFileReference; fileEncoding = 4; lastKnownFileType = text; path = .gitignore; sourceTree = "<group>"; };
		3461EDA1134E6EFB0093B552 /* gpl-3.0.txt */ = {isa = PBXFileReference; fileEncoding = 4; lastKnownFileType = text; path = "gpl-3.0.txt"; sourceTree = "<group>"; };
		3461EDA2134E6EFB0093B552 /* install.xml */ = {isa = PBXFileReference; fileEncoding = 4; lastKnownFileType = text.xml; path = install.xml; sourceTree = "<group>"; };
		3461EDB7134E6EFB0093B552 /* README */ = {isa = PBXFileReference; fileEncoding = 4; lastKnownFileType = text; path = README; sourceTree = "<group>"; };
		3461EDB9134E6EFB0093B552 /* ofxGui.cpp */ = {isa = PBXFileReference; fileEncoding = 4; lastKnownFileType = sourcecode.cpp.cpp; path = ofxGui.cpp; sourceTree = "<group>"; };
		3461EDBA134E6EFB0093B552 /* ofxGui.h */ = {isa = PBXFileReference; fileEncoding = 4; lastKnownFileType = sourcecode.c.h; path = ofxGui.h; sourceTree = "<group>"; };
		3461EDBB134E6EFB0093B552 /* ofxGuiApp.h */ = {isa = PBXFileReference; fileEncoding = 4; lastKnownFileType = sourcecode.c.h; path = ofxGuiApp.h; sourceTree = "<group>"; };
		3461EDBC134E6EFB0093B552 /* ofxGuiButton.cpp */ = {isa = PBXFileReference; fileEncoding = 4; lastKnownFileType = sourcecode.cpp.cpp; path = ofxGuiButton.cpp; sourceTree = "<group>"; };
		3461EDBD134E6EFB0093B552 /* ofxGuiButton.h */ = {isa = PBXFileReference; fileEncoding = 4; lastKnownFileType = sourcecode.c.h; path = ofxGuiButton.h; sourceTree = "<group>"; };
		3461EDBE134E6EFB0093B552 /* ofxGuiColor.cpp */ = {isa = PBXFileReference; fileEncoding = 4; lastKnownFileType = sourcecode.cpp.cpp; path = ofxGuiColor.cpp; sourceTree = "<group>"; };
		3461EDBF134E6EFB0093B552 /* ofxGuiColor.h */ = {isa = PBXFileReference; fileEncoding = 4; lastKnownFileType = sourcecode.c.h; path = ofxGuiColor.h; sourceTree = "<group>"; };
		3461EDC0134E6EFB0093B552 /* ofxGuiFiles.cpp */ = {isa = PBXFileReference; fileEncoding = 4; lastKnownFileType = sourcecode.cpp.cpp; path = ofxGuiFiles.cpp; sourceTree = "<group>"; };
		3461EDC1134E6EFB0093B552 /* ofxGuiFiles.h */ = {isa = PBXFileReference; fileEncoding = 4; lastKnownFileType = sourcecode.c.h; path = ofxGuiFiles.h; sourceTree = "<group>"; };
		3461EDC2134E6EFB0093B552 /* ofxGuiGlobals.cpp */ = {isa = PBXFileReference; fileEncoding = 4; lastKnownFileType = sourcecode.cpp.cpp; path = ofxGuiGlobals.cpp; sourceTree = "<group>"; };
		3461EDC3134E6EFB0093B552 /* ofxGuiGlobals.h */ = {isa = PBXFileReference; fileEncoding = 4; lastKnownFileType = sourcecode.c.h; path = ofxGuiGlobals.h; sourceTree = "<group>"; };
		3461EDC4134E6EFB0093B552 /* ofxGuiKnob.cpp */ = {isa = PBXFileReference; fileEncoding = 4; lastKnownFileType = sourcecode.cpp.cpp; path = ofxGuiKnob.cpp; sourceTree = "<group>"; };
		3461EDC5134E6EFB0093B552 /* ofxGuiKnob.h */ = {isa = PBXFileReference; fileEncoding = 4; lastKnownFileType = sourcecode.c.h; path = ofxGuiKnob.h; sourceTree = "<group>"; };
		3461EDC6134E6EFB0093B552 /* ofxGuiMatrix.cpp */ = {isa = PBXFileReference; fileEncoding = 4; lastKnownFileType = sourcecode.cpp.cpp; path = ofxGuiMatrix.cpp; sourceTree = "<group>"; };
		3461EDC7134E6EFB0093B552 /* ofxGuiMatrix.h */ = {isa = PBXFileReference; fileEncoding = 4; lastKnownFileType = sourcecode.c.h; path = ofxGuiMatrix.h; sourceTree = "<group>"; };
		3461EDC8134E6EFB0093B552 /* ofxGuiMovable.cpp */ = {isa = PBXFileReference; fileEncoding = 4; lastKnownFileType = sourcecode.cpp.cpp; path = ofxGuiMovable.cpp; sourceTree = "<group>"; };
		3461EDC9134E6EFB0093B552 /* ofxGuiMovable.h */ = {isa = PBXFileReference; fileEncoding = 4; lastKnownFileType = sourcecode.c.h; path = ofxGuiMovable.h; sourceTree = "<group>"; };
		3461EDCA134E6EFB0093B552 /* ofxGuiObject.cpp */ = {isa = PBXFileReference; fileEncoding = 4; lastKnownFileType = sourcecode.cpp.cpp; path = ofxGuiObject.cpp; sourceTree = "<group>"; };
		3461EDCB134E6EFB0093B552 /* ofxGuiObject.h */ = {isa = PBXFileReference; fileEncoding = 4; lastKnownFileType = sourcecode.c.h; path = ofxGuiObject.h; sourceTree = "<group>"; };
		3461EDCC134E6EFB0093B552 /* ofxGuiPanel.cpp */ = {isa = PBXFileReference; fileEncoding = 4; lastKnownFileType = sourcecode.cpp.cpp; path = ofxGuiPanel.cpp; sourceTree = "<group>"; };
		3461EDCD134E6EFB0093B552 /* ofxGuiPanel.h */ = {isa = PBXFileReference; fileEncoding = 4; lastKnownFileType = sourcecode.c.h; path = ofxGuiPanel.h; sourceTree = "<group>"; };
		3461EDCE134E6EFB0093B552 /* ofxGuiPoints.cpp */ = {isa = PBXFileReference; fileEncoding = 4; lastKnownFileType = sourcecode.cpp.cpp; path = ofxGuiPoints.cpp; sourceTree = "<group>"; };
		3461EDCF134E6EFB0093B552 /* ofxGuiPoints.h */ = {isa = PBXFileReference; fileEncoding = 4; lastKnownFileType = sourcecode.c.h; path = ofxGuiPoints.h; sourceTree = "<group>"; };
		3461EDD0134E6EFB0093B552 /* ofxGuiRadar.cpp */ = {isa = PBXFileReference; fileEncoding = 4; lastKnownFileType = sourcecode.cpp.cpp; path = ofxGuiRadar.cpp; sourceTree = "<group>"; };
		3461EDD1134E6EFB0093B552 /* ofxGuiRadar.h */ = {isa = PBXFileReference; fileEncoding = 4; lastKnownFileType = sourcecode.c.h; path = ofxGuiRadar.h; sourceTree = "<group>"; };
		3461EDD2134E6EFB0093B552 /* ofxGuiScope.cpp */ = {isa = PBXFileReference; fileEncoding = 4; lastKnownFileType = sourcecode.cpp.cpp; path = ofxGuiScope.cpp; sourceTree = "<group>"; };
		3461EDD3134E6EFB0093B552 /* ofxGuiScope.h */ = {isa = PBXFileReference; fileEncoding = 4; lastKnownFileType = sourcecode.c.h; path = ofxGuiScope.h; sourceTree = "<group>"; };
		3461EDD4134E6EFB0093B552 /* ofxGuiSlider.cpp */ = {isa = PBXFileReference; fileEncoding = 4; lastKnownFileType = sourcecode.cpp.cpp; path = ofxGuiSlider.cpp; sourceTree = "<group>"; };
		3461EDD5134E6EFB0093B552 /* ofxGuiSlider.h */ = {isa = PBXFileReference; fileEncoding = 4; lastKnownFileType = sourcecode.c.h; path = ofxGuiSlider.h; sourceTree = "<group>"; };
		3461EDD6134E6EFB0093B552 /* ofxGuiSwitch.cpp */ = {isa = PBXFileReference; fileEncoding = 4; lastKnownFileType = sourcecode.cpp.cpp; path = ofxGuiSwitch.cpp; sourceTree = "<group>"; };
		3461EDD7134E6EFB0093B552 /* ofxGuiSwitch.h */ = {isa = PBXFileReference; fileEncoding = 4; lastKnownFileType = sourcecode.c.h; path = ofxGuiSwitch.h; sourceTree = "<group>"; };
		3461EDD8134E6EFB0093B552 /* ofxGuiTypes.h */ = {isa = PBXFileReference; fileEncoding = 4; lastKnownFileType = sourcecode.c.h; path = ofxGuiTypes.h; sourceTree = "<group>"; };
		3461EDD9134E6EFB0093B552 /* ofxGuiXYPad.cpp */ = {isa = PBXFileReference; fileEncoding = 4; lastKnownFileType = sourcecode.cpp.cpp; path = ofxGuiXYPad.cpp; sourceTree = "<group>"; };
		3461EDDA134E6EFB0093B552 /* ofxGuiXYPad.h */ = {isa = PBXFileReference; fileEncoding = 4; lastKnownFileType = sourcecode.c.h; path = ofxGuiXYPad.h; sourceTree = "<group>"; };
		3461EDFF134E6F440093B552 /* Instructions.txt */ = {isa = PBXFileReference; fileEncoding = 4; lastKnownFileType = text; name = Instructions.txt; path = ../../addons/ofxDirList/doc/Instructions.txt; sourceTree = SOURCE_ROOT; };
		3461EE00134E6F440093B552 /* install.xml */ = {isa = PBXFileReference; fileEncoding = 4; lastKnownFileType = text.xml; name = install.xml; path = ../../addons/ofxDirList/install.xml; sourceTree = SOURCE_ROOT; };
		3461EE02134E6F440093B552 /* ofxDirList.cpp */ = {isa = PBXFileReference; fileEncoding = 4; lastKnownFileType = sourcecode.cpp.cpp; name = ofxDirList.cpp; path = ../../addons/ofxDirList/src/ofxDirList.cpp; sourceTree = SOURCE_ROOT; };
		3461EE03134E6F440093B552 /* ofxDirList.h */ = {isa = PBXFileReference; fileEncoding = 4; lastKnownFileType = sourcecode.c.h; name = ofxDirList.h; path = ../../addons/ofxDirList/src/ofxDirList.h; sourceTree = SOURCE_ROOT; };
		3461EE08134E6F570093B552 /* install.xml */ = {isa = PBXFileReference; fileEncoding = 4; lastKnownFileType = text.xml; name = install.xml; path = ../../addons/ofxXmlSettings/install.xml; sourceTree = SOURCE_ROOT; };
		3461EE0A134E6F570093B552 /* tinyxml.cpp */ = {isa = PBXFileReference; fileEncoding = 4; lastKnownFileType = sourcecode.cpp.cpp; name = tinyxml.cpp; path = ../../addons/ofxXmlSettings/libs/tinyxml.cpp; sourceTree = SOURCE_ROOT; };
		3461EE0B134E6F570093B552 /* tinyxml.h */ = {isa = PBXFileReference; fileEncoding = 4; lastKnownFileType = sourcecode.c.h; name = tinyxml.h; path = ../../addons/ofxXmlSettings/libs/tinyxml.h; sourceTree = SOURCE_ROOT; };
		3461EE0C134E6F570093B552 /* tinyxmlerror.cpp */ = {isa = PBXFileReference; fileEncoding = 4; lastKnownFileType = sourcecode.cpp.cpp; name = tinyxmlerror.cpp; path = ../../addons/ofxXmlSettings/libs/tinyxmlerror.cpp; sourceTree = SOURCE_ROOT; };
		3461EE0D134E6F570093B552 /* tinyxmlparser.cpp */ = {isa = PBXFileReference; fileEncoding = 4; lastKnownFileType = sourcecode.cpp.cpp; name = tinyxmlparser.cpp; path = ../../addons/ofxXmlSettings/libs/tinyxmlparser.cpp; sourceTree = SOURCE_ROOT; };
		3461EE0F134E6F570093B552 /* ofxXmlSettings.cpp */ = {isa = PBXFileReference; fileEncoding = 4; lastKnownFileType = sourcecode.cpp.cpp; name = ofxXmlSettings.cpp; path = ../../addons/ofxXmlSettings/src/ofxXmlSettings.cpp; sourceTree = SOURCE_ROOT; };
		3461EE10134E6F570093B552 /* ofxXmlSettings.h */ = {isa = PBXFileReference; fileEncoding = 4; lastKnownFileType = sourcecode.c.h; name = ofxXmlSettings.h; path = ../../addons/ofxXmlSettings/src/ofxXmlSettings.h; sourceTree = SOURCE_ROOT; };
		3461EE18134E6F6A0093B552 /* install.xml */ = {isa = PBXFileReference; fileEncoding = 4; lastKnownFileType = text.xml; name = install.xml; path = ../../addons/ofxVectorMath/install.xml; sourceTree = SOURCE_ROOT; };
		3461EE1A134E6F6A0093B552 /* ofxMatrix3x3.cpp */ = {isa = PBXFileReference; fileEncoding = 4; lastKnownFileType = sourcecode.cpp.cpp; name = ofxMatrix3x3.cpp; path = ../../addons/ofxVectorMath/src/ofxMatrix3x3.cpp; sourceTree = SOURCE_ROOT; };
		3461EE1B134E6F6A0093B552 /* ofxMatrix3x3.h */ = {isa = PBXFileReference; fileEncoding = 4; lastKnownFileType = sourcecode.c.h; name = ofxMatrix3x3.h; path = ../../addons/ofxVectorMath/src/ofxMatrix3x3.h; sourceTree = SOURCE_ROOT; };
		3461EE1C134E6F6A0093B552 /* ofxMatrix4x4.cpp */ = {isa = PBXFileReference; fileEncoding = 4; lastKnownFileType = sourcecode.cpp.cpp; name = ofxMatrix4x4.cpp; path = ../../addons/ofxVectorMath/src/ofxMatrix4x4.cpp; sourceTree = SOURCE_ROOT; };
		3461EE1D134E6F6A0093B552 /* ofxMatrix4x4.h */ = {isa = PBXFileReference; fileEncoding = 4; lastKnownFileType = sourcecode.c.h; name = ofxMatrix4x4.h; path = ../../addons/ofxVectorMath/src/ofxMatrix4x4.h; sourceTree = SOURCE_ROOT; };
		3461EE1E134E6F6A0093B552 /* ofxPoint2f.h */ = {isa = PBXFileReference; fileEncoding = 4; lastKnownFileType = sourcecode.c.h; name = ofxPoint2f.h; path = ../../addons/ofxVectorMath/src/ofxPoint2f.h; sourceTree = SOURCE_ROOT; };
		3461EE1F134E6F6A0093B552 /* ofxPoint3f.h */ = {isa = PBXFileReference; fileEncoding = 4; lastKnownFileType = sourcecode.c.h; name = ofxPoint3f.h; path = ../../addons/ofxVectorMath/src/ofxPoint3f.h; sourceTree = SOURCE_ROOT; };
		3461EE20134E6F6A0093B552 /* ofxPoint4f.h */ = {isa = PBXFileReference; fileEncoding = 4; lastKnownFileType = sourcecode.c.h; name = ofxPoint4f.h; path = ../../addons/ofxVectorMath/src/ofxPoint4f.h; sourceTree = SOURCE_ROOT; };
		3461EE21134E6F6A0093B552 /* ofxQuaternion.cpp */ = {isa = PBXFileReference; fileEncoding = 4; lastKnownFileType = sourcecode.cpp.cpp; name = ofxQuaternion.cpp; path = ../../addons/ofxVectorMath/src/ofxQuaternion.cpp; sourceTree = SOURCE_ROOT; };
		3461EE22134E6F6A0093B552 /* ofxQuaternion.h */ = {isa = PBXFileReference; fileEncoding = 4; lastKnownFileType = sourcecode.c.h; name = ofxQuaternion.h; path = ../../addons/ofxVectorMath/src/ofxQuaternion.h; sourceTree = SOURCE_ROOT; };
		3461EE23134E6F6A0093B552 /* ofxVec2f.h */ = {isa = PBXFileReference; fileEncoding = 4; lastKnownFileType = sourcecode.c.h; name = ofxVec2f.h; path = ../../addons/ofxVectorMath/src/ofxVec2f.h; sourceTree = SOURCE_ROOT; };
		3461EE24134E6F6A0093B552 /* ofxVec3f.h */ = {isa = PBXFileReference; fileEncoding = 4; lastKnownFileType = sourcecode.c.h; name = ofxVec3f.h; path = ../../addons/ofxVectorMath/src/ofxVec3f.h; sourceTree = SOURCE_ROOT; };
		3461EE25134E6F6A0093B552 /* ofxVec4f.h */ = {isa = PBXFileReference; fileEncoding = 4; lastKnownFileType = sourcecode.c.h; name = ofxVec4f.h; path = ../../addons/ofxVectorMath/src/ofxVec4f.h; sourceTree = SOURCE_ROOT; };
		3461EE26134E6F6A0093B552 /* ofxVectorMath.h */ = {isa = PBXFileReference; fileEncoding = 4; lastKnownFileType = sourcecode.c.h; name = ofxVectorMath.h; path = ../../addons/ofxVectorMath/src/ofxVectorMath.h; sourceTree = SOURCE_ROOT; };
		34E888EF134E3CA800DA4D30 /* install.xml */ = {isa = PBXFileReference; fileEncoding = 4; lastKnownFileType = text.xml; name = install.xml; path = ../../addons/ofxOpenCv/install.xml; sourceTree = SOURCE_ROOT; };
		34E888F3134E3CA800DA4D30 /* cv.h */ = {isa = PBXFileReference; fileEncoding = 4; lastKnownFileType = sourcecode.c.h; name = cv.h; path = ../../addons/ofxOpenCv/libs/opencv/include/cv.h; sourceTree = SOURCE_ROOT; };
		34E888F4134E3CA800DA4D30 /* cv.hpp */ = {isa = PBXFileReference; fileEncoding = 4; lastKnownFileType = sourcecode.cpp.h; name = cv.hpp; path = ../../addons/ofxOpenCv/libs/opencv/include/cv.hpp; sourceTree = SOURCE_ROOT; };
		34E888F5134E3CA800DA4D30 /* cvaux.h */ = {isa = PBXFileReference; fileEncoding = 4; lastKnownFileType = sourcecode.c.h; name = cvaux.h; path = ../../addons/ofxOpenCv/libs/opencv/include/cvaux.h; sourceTree = SOURCE_ROOT; };
		34E888F6134E3CA800DA4D30 /* cvaux.hpp */ = {isa = PBXFileReference; fileEncoding = 4; lastKnownFileType = sourcecode.cpp.h; name = cvaux.hpp; path = ../../addons/ofxOpenCv/libs/opencv/include/cvaux.hpp; sourceTree = SOURCE_ROOT; };
		34E888F7134E3CA800DA4D30 /* cvcompat.h */ = {isa = PBXFileReference; fileEncoding = 4; lastKnownFileType = sourcecode.c.h; name = cvcompat.h; path = ../../addons/ofxOpenCv/libs/opencv/include/cvcompat.h; sourceTree = SOURCE_ROOT; };
		34E888F8134E3CA800DA4D30 /* cvmat.hpp */ = {isa = PBXFileReference; fileEncoding = 4; lastKnownFileType = sourcecode.cpp.h; name = cvmat.hpp; path = ../../addons/ofxOpenCv/libs/opencv/include/cvmat.hpp; sourceTree = SOURCE_ROOT; };
		34E888F9134E3CA800DA4D30 /* cvstreams.h */ = {isa = PBXFileReference; fileEncoding = 4; lastKnownFileType = sourcecode.c.h; name = cvstreams.h; path = ../../addons/ofxOpenCv/libs/opencv/include/cvstreams.h; sourceTree = SOURCE_ROOT; };
		34E888FA134E3CA800DA4D30 /* cvtypes.h */ = {isa = PBXFileReference; fileEncoding = 4; lastKnownFileType = sourcecode.c.h; name = cvtypes.h; path = ../../addons/ofxOpenCv/libs/opencv/include/cvtypes.h; sourceTree = SOURCE_ROOT; };
		34E888FB134E3CA800DA4D30 /* cvver.h */ = {isa = PBXFileReference; fileEncoding = 4; lastKnownFileType = sourcecode.c.h; name = cvver.h; path = ../../addons/ofxOpenCv/libs/opencv/include/cvver.h; sourceTree = SOURCE_ROOT; };
		34E888FC134E3CA800DA4D30 /* cvvidsurv.hpp */ = {isa = PBXFileReference; fileEncoding = 4; lastKnownFileType = sourcecode.cpp.h; name = cvvidsurv.hpp; path = ../../addons/ofxOpenCv/libs/opencv/include/cvvidsurv.hpp; sourceTree = SOURCE_ROOT; };
		34E888FD134E3CA800DA4D30 /* cvwimage.h */ = {isa = PBXFileReference; fileEncoding = 4; lastKnownFileType = sourcecode.c.h; name = cvwimage.h; path = ../../addons/ofxOpenCv/libs/opencv/include/cvwimage.h; sourceTree = SOURCE_ROOT; };
		34E888FE134E3CA800DA4D30 /* cxcore.h */ = {isa = PBXFileReference; fileEncoding = 4; lastKnownFileType = sourcecode.c.h; name = cxcore.h; path = ../../addons/ofxOpenCv/libs/opencv/include/cxcore.h; sourceTree = SOURCE_ROOT; };
		34E888FF134E3CA800DA4D30 /* cxcore.hpp */ = {isa = PBXFileReference; fileEncoding = 4; lastKnownFileType = sourcecode.cpp.h; name = cxcore.hpp; path = ../../addons/ofxOpenCv/libs/opencv/include/cxcore.hpp; sourceTree = SOURCE_ROOT; };
		34E88900134E3CA800DA4D30 /* cxerror.h */ = {isa = PBXFileReference; fileEncoding = 4; lastKnownFileType = sourcecode.c.h; name = cxerror.h; path = ../../addons/ofxOpenCv/libs/opencv/include/cxerror.h; sourceTree = SOURCE_ROOT; };
		34E88901134E3CA800DA4D30 /* cxmisc.h */ = {isa = PBXFileReference; fileEncoding = 4; lastKnownFileType = sourcecode.c.h; name = cxmisc.h; path = ../../addons/ofxOpenCv/libs/opencv/include/cxmisc.h; sourceTree = SOURCE_ROOT; };
		34E88902134E3CA800DA4D30 /* cxtypes.h */ = {isa = PBXFileReference; fileEncoding = 4; lastKnownFileType = sourcecode.c.h; name = cxtypes.h; path = ../../addons/ofxOpenCv/libs/opencv/include/cxtypes.h; sourceTree = SOURCE_ROOT; };
		34E88905134E3CA800DA4D30 /* openCV.a */ = {isa = PBXFileReference; lastKnownFileType = archive.ar; name = openCV.a; path = ../../addons/ofxOpenCv/libs/opencv/lib/osx/openCV.a; sourceTree = SOURCE_ROOT; };
		34E88907134E3CA800DA4D30 /* ofxCvBlob.h */ = {isa = PBXFileReference; fileEncoding = 4; lastKnownFileType = sourcecode.c.h; name = ofxCvBlob.h; path = ../../addons/ofxOpenCv/src/ofxCvBlob.h; sourceTree = SOURCE_ROOT; };
		34E88908134E3CA800DA4D30 /* ofxCvColorImage.cpp */ = {isa = PBXFileReference; fileEncoding = 4; lastKnownFileType = sourcecode.cpp.cpp; name = ofxCvColorImage.cpp; path = ../../addons/ofxOpenCv/src/ofxCvColorImage.cpp; sourceTree = SOURCE_ROOT; };
		34E88909134E3CA800DA4D30 /* ofxCvColorImage.h */ = {isa = PBXFileReference; fileEncoding = 4; lastKnownFileType = sourcecode.c.h; name = ofxCvColorImage.h; path = ../../addons/ofxOpenCv/src/ofxCvColorImage.h; sourceTree = SOURCE_ROOT; };
		34E8890A134E3CA800DA4D30 /* ofxCvConstants.h */ = {isa = PBXFileReference; fileEncoding = 4; lastKnownFileType = sourcecode.c.h; name = ofxCvConstants.h; path = ../../addons/ofxOpenCv/src/ofxCvConstants.h; sourceTree = SOURCE_ROOT; };
		34E8890B134E3CA800DA4D30 /* ofxCvContourFinder.cpp */ = {isa = PBXFileReference; fileEncoding = 4; lastKnownFileType = sourcecode.cpp.cpp; name = ofxCvContourFinder.cpp; path = ../../addons/ofxOpenCv/src/ofxCvContourFinder.cpp; sourceTree = SOURCE_ROOT; };
		34E8890C134E3CA800DA4D30 /* ofxCvContourFinder.h */ = {isa = PBXFileReference; fileEncoding = 4; lastKnownFileType = sourcecode.c.h; name = ofxCvContourFinder.h; path = ../../addons/ofxOpenCv/src/ofxCvContourFinder.h; sourceTree = SOURCE_ROOT; };
		34E8890D134E3CA800DA4D30 /* ofxCvFloatImage.cpp */ = {isa = PBXFileReference; fileEncoding = 4; lastKnownFileType = sourcecode.cpp.cpp; name = ofxCvFloatImage.cpp; path = ../../addons/ofxOpenCv/src/ofxCvFloatImage.cpp; sourceTree = SOURCE_ROOT; };
		34E8890E134E3CA800DA4D30 /* ofxCvFloatImage.h */ = {isa = PBXFileReference; fileEncoding = 4; lastKnownFileType = sourcecode.c.h; name = ofxCvFloatImage.h; path = ../../addons/ofxOpenCv/src/ofxCvFloatImage.h; sourceTree = SOURCE_ROOT; };
		34E8890F134E3CA800DA4D30 /* ofxCvGrayscaleImage.cpp */ = {isa = PBXFileReference; fileEncoding = 4; lastKnownFileType = sourcecode.cpp.cpp; name = ofxCvGrayscaleImage.cpp; path = ../../addons/ofxOpenCv/src/ofxCvGrayscaleImage.cpp; sourceTree = SOURCE_ROOT; };
		34E88910134E3CA800DA4D30 /* ofxCvGrayscaleImage.h */ = {isa = PBXFileReference; fileEncoding = 4; lastKnownFileType = sourcecode.c.h; name = ofxCvGrayscaleImage.h; path = ../../addons/ofxOpenCv/src/ofxCvGrayscaleImage.h; sourceTree = SOURCE_ROOT; };
		34E88911134E3CA800DA4D30 /* ofxCvImage.cpp */ = {isa = PBXFileReference; fileEncoding = 4; lastKnownFileType = sourcecode.cpp.cpp; name = ofxCvImage.cpp; path = ../../addons/ofxOpenCv/src/ofxCvImage.cpp; sourceTree = SOURCE_ROOT; };
		34E88912134E3CA800DA4D30 /* ofxCvImage.h */ = {isa = PBXFileReference; fileEncoding = 4; lastKnownFileType = sourcecode.c.h; name = ofxCvImage.h; path = ../../addons/ofxOpenCv/src/ofxCvImage.h; sourceTree = SOURCE_ROOT; };
		34E88913134E3CA800DA4D30 /* ofxCvMain.h */ = {isa = PBXFileReference; fileEncoding = 4; lastKnownFileType = sourcecode.c.h; name = ofxCvMain.h; path = ../../addons/ofxOpenCv/src/ofxCvMain.h; sourceTree = SOURCE_ROOT; };
		34E88914134E3CA800DA4D30 /* ofxCvShortImage.cpp */ = {isa = PBXFileReference; fileEncoding = 4; lastKnownFileType = sourcecode.cpp.cpp; name = ofxCvShortImage.cpp; path = ../../addons/ofxOpenCv/src/ofxCvShortImage.cpp; sourceTree = SOURCE_ROOT; };
		34E88915134E3CA800DA4D30 /* ofxCvShortImage.h */ = {isa = PBXFileReference; fileEncoding = 4; lastKnownFileType = sourcecode.c.h; name = ofxCvShortImage.h; path = ../../addons/ofxOpenCv/src/ofxCvShortImage.h; sourceTree = SOURCE_ROOT; };
		34E88916134E3CA800DA4D30 /* ofxOpenCv.h */ = {isa = PBXFileReference; fileEncoding = 4; lastKnownFileType = sourcecode.c.h; name = ofxOpenCv.h; path = ../../addons/ofxOpenCv/src/ofxOpenCv.h; sourceTree = SOURCE_ROOT; };
		34E88951134E3EA500DA4D30 /* ar.h */ = {isa = PBXFileReference; fileEncoding = 4; lastKnownFileType = sourcecode.c.h; name = ar.h; path = ../../libs/ARTKPLUS/include/ARToolKitPlus/ar.h; sourceTree = SOURCE_ROOT; };
		34E88952134E3EA500DA4D30 /* arBitFieldPattern.h */ = {isa = PBXFileReference; fileEncoding = 4; lastKnownFileType = sourcecode.c.h; name = arBitFieldPattern.h; path = ../../libs/ARTKPLUS/include/ARToolKitPlus/arBitFieldPattern.h; sourceTree = SOURCE_ROOT; };
		34E88953134E3EA500DA4D30 /* arMulti.h */ = {isa = PBXFileReference; fileEncoding = 4; lastKnownFileType = sourcecode.c.h; name = arMulti.h; path = ../../libs/ARTKPLUS/include/ARToolKitPlus/arMulti.h; sourceTree = SOURCE_ROOT; };
		34E88954134E3EA500DA4D30 /* ARToolKitPlus.h */ = {isa = PBXFileReference; fileEncoding = 4; lastKnownFileType = sourcecode.c.h; name = ARToolKitPlus.h; path = ../../libs/ARTKPLUS/include/ARToolKitPlus/ARToolKitPlus.h; sourceTree = SOURCE_ROOT; };
		34E88955134E3EA500DA4D30 /* byteSwap.h */ = {isa = PBXFileReference; fileEncoding = 4; lastKnownFileType = sourcecode.c.h; name = byteSwap.h; path = ../../libs/ARTKPLUS/include/ARToolKitPlus/byteSwap.h; sourceTree = SOURCE_ROOT; };
		34E88956134E3EA500DA4D30 /* Camera.h */ = {isa = PBXFileReference; fileEncoding = 4; lastKnownFileType = sourcecode.c.h; name = Camera.h; path = ../../libs/ARTKPLUS/include/ARToolKitPlus/Camera.h; sourceTree = SOURCE_ROOT; };
		34E88957134E3EA500DA4D30 /* CameraAdvImpl.h */ = {isa = PBXFileReference; fileEncoding = 4; lastKnownFileType = sourcecode.c.h; name = CameraAdvImpl.h; path = ../../libs/ARTKPLUS/include/ARToolKitPlus/CameraAdvImpl.h; sourceTree = SOURCE_ROOT; };
		34E88958134E3EA500DA4D30 /* CameraFactory.h */ = {isa = PBXFileReference; fileEncoding = 4; lastKnownFileType = sourcecode.c.h; name = CameraFactory.h; path = ../../libs/ARTKPLUS/include/ARToolKitPlus/CameraFactory.h; sourceTree = SOURCE_ROOT; };
		34E88959134E3EA500DA4D30 /* CameraImpl.h */ = {isa = PBXFileReference; fileEncoding = 4; lastKnownFileType = sourcecode.c.h; name = CameraImpl.h; path = ../../libs/ARTKPLUS/include/ARToolKitPlus/CameraImpl.h; sourceTree = SOURCE_ROOT; };
		34E8895A134E3EA500DA4D30 /* config.h */ = {isa = PBXFileReference; fileEncoding = 4; lastKnownFileType = sourcecode.c.h; name = config.h; path = ../../libs/ARTKPLUS/include/ARToolKitPlus/config.h; sourceTree = SOURCE_ROOT; };
		34E8895C134E3EA500DA4D30 /* BCH.h */ = {isa = PBXFileReference; fileEncoding = 4; lastKnownFileType = sourcecode.c.h; name = BCH.h; path = ../../libs/ARTKPLUS/include/ARToolKitPlus/extra/BCH.h; sourceTree = SOURCE_ROOT; };
		34E8895D134E3EA500DA4D30 /* GPP.h */ = {isa = PBXFileReference; fileEncoding = 4; lastKnownFileType = sourcecode.c.h; name = GPP.h; path = ../../libs/ARTKPLUS/include/ARToolKitPlus/extra/GPP.h; sourceTree = SOURCE_ROOT; };
		34E8895E134E3EA500DA4D30 /* Profiler.h */ = {isa = PBXFileReference; fileEncoding = 4; lastKnownFileType = sourcecode.c.h; name = Profiler.h; path = ../../libs/ARTKPLUS/include/ARToolKitPlus/extra/Profiler.h; sourceTree = SOURCE_ROOT; };
		34E8895F134E3EA500DA4D30 /* rpp.h */ = {isa = PBXFileReference; fileEncoding = 4; lastKnownFileType = sourcecode.c.h; name = rpp.h; path = ../../libs/ARTKPLUS/include/ARToolKitPlus/extra/rpp.h; sourceTree = SOURCE_ROOT; };
		34E88960134E3EA500DA4D30 /* ImageGrabber.h */ = {isa = PBXFileReference; fileEncoding = 4; lastKnownFileType = sourcecode.c.h; name = ImageGrabber.h; path = ../../libs/ARTKPLUS/include/ARToolKitPlus/ImageGrabber.h; sourceTree = SOURCE_ROOT; };
		34E88961134E3EA500DA4D30 /* Logger.h */ = {isa = PBXFileReference; fileEncoding = 4; lastKnownFileType = sourcecode.c.h; name = Logger.h; path = ../../libs/ARTKPLUS/include/ARToolKitPlus/Logger.h; sourceTree = SOURCE_ROOT; };
		34E88962134E3EA500DA4D30 /* matrix.h */ = {isa = PBXFileReference; fileEncoding = 4; lastKnownFileType = sourcecode.c.h; name = matrix.h; path = ../../libs/ARTKPLUS/include/ARToolKitPlus/matrix.h; sourceTree = SOURCE_ROOT; };
		34E88963134E3EA500DA4D30 /* MemoryManager.h */ = {isa = PBXFileReference; fileEncoding = 4; lastKnownFileType = sourcecode.c.h; name = MemoryManager.h; path = ../../libs/ARTKPLUS/include/ARToolKitPlus/MemoryManager.h; sourceTree = SOURCE_ROOT; };
		34E88964134E3EA500DA4D30 /* MemoryManagerMemMap.h */ = {isa = PBXFileReference; fileEncoding = 4; lastKnownFileType = sourcecode.c.h; name = MemoryManagerMemMap.h; path = ../../libs/ARTKPLUS/include/ARToolKitPlus/MemoryManagerMemMap.h; sourceTree = SOURCE_ROOT; };
		34E88965134E3EA500DA4D30 /* param.h */ = {isa = PBXFileReference; fileEncoding = 4; lastKnownFileType = sourcecode.c.h; name = param.h; path = ../../libs/ARTKPLUS/include/ARToolKitPlus/param.h; sourceTree = SOURCE_ROOT; };
		34E88966134E3EA500DA4D30 /* Tracker.h */ = {isa = PBXFileReference; fileEncoding = 4; lastKnownFileType = sourcecode.c.h; name = Tracker.h; path = ../../libs/ARTKPLUS/include/ARToolKitPlus/Tracker.h; sourceTree = SOURCE_ROOT; };
		34E88967134E3EA500DA4D30 /* TrackerImpl.h */ = {isa = PBXFileReference; fileEncoding = 4; lastKnownFileType = sourcecode.c.h; name = TrackerImpl.h; path = ../../libs/ARTKPLUS/include/ARToolKitPlus/TrackerImpl.h; sourceTree = SOURCE_ROOT; };
		34E88968134E3EA500DA4D30 /* TrackerMultiMarker.h */ = {isa = PBXFileReference; fileEncoding = 4; lastKnownFileType = sourcecode.c.h; name = TrackerMultiMarker.h; path = ../../libs/ARTKPLUS/include/ARToolKitPlus/TrackerMultiMarker.h; sourceTree = SOURCE_ROOT; };
		34E88969134E3EA500DA4D30 /* TrackerMultiMarkerImpl.h */ = {isa = PBXFileReference; fileEncoding = 4; lastKnownFileType = sourcecode.c.h; name = TrackerMultiMarkerImpl.h; path = ../../libs/ARTKPLUS/include/ARToolKitPlus/TrackerMultiMarkerImpl.h; sourceTree = SOURCE_ROOT; };
		34E8896A134E3EA500DA4D30 /* TrackerSingleMarker.h */ = {isa = PBXFileReference; fileEncoding = 4; lastKnownFileType = sourcecode.c.h; name = TrackerSingleMarker.h; path = ../../libs/ARTKPLUS/include/ARToolKitPlus/TrackerSingleMarker.h; sourceTree = SOURCE_ROOT; };
		34E8896B134E3EA500DA4D30 /* TrackerSingleMarkerImpl.h */ = {isa = PBXFileReference; fileEncoding = 4; lastKnownFileType = sourcecode.c.h; name = TrackerSingleMarkerImpl.h; path = ../../libs/ARTKPLUS/include/ARToolKitPlus/TrackerSingleMarkerImpl.h; sourceTree = SOURCE_ROOT; };
		34E8896C134E3EA500DA4D30 /* vector.h */ = {isa = PBXFileReference; fileEncoding = 4; lastKnownFileType = sourcecode.c.h; name = vector.h; path = ../../libs/ARTKPLUS/include/ARToolKitPlus/vector.h; sourceTree = SOURCE_ROOT; };
		34E8896E134E3EA500DA4D30 /* ARTK_Plus.a */ = {isa = PBXFileReference; lastKnownFileType = archive.ar; name = ARTK_Plus.a; path = ../../libs/ARTKPLUS/lib/ARTK_Plus.a; sourceTree = SOURCE_ROOT; };
		34E88B50134E570800DA4D30 /* ofxFBOTexture.cpp */ = {isa = PBXFileReference; fileEncoding = 4; lastKnownFileType = sourcecode.cpp.cpp; name = ofxFBOTexture.cpp; path = "../../addons/ofxFBOTexture_2010-01-16/ofxFBOTexture.cpp"; sourceTree = SOURCE_ROOT; };
		34E88B51134E570800DA4D30 /* ofxFBOTexture.h */ = {isa = PBXFileReference; fileEncoding = 4; lastKnownFileType = sourcecode.c.h; name = ofxFBOTexture.h; path = "../../addons/ofxFBOTexture_2010-01-16/ofxFBOTexture.h"; sourceTree = SOURCE_ROOT; };
		E45BE0390E8CC647009D7055 /* FreeImage.h */ = {isa = PBXFileReference; fileEncoding = 4; lastKnownFileType = sourcecode.c.h; name = FreeImage.h; path = ../../../libs/freeimage/include/FreeImage.h; sourceTree = SOURCE_ROOT; };
		E45BE03F0E8CC650009D7055 /* fmod.h */ = {isa = PBXFileReference; fileEncoding = 4; lastKnownFileType = sourcecode.c.h; name = fmod.h; path = ../../../libs/fmodex/include/fmod.h; sourceTree = SOURCE_ROOT; };
		E45BE0400E8CC650009D7055 /* fmod.hpp */ = {isa = PBXFileReference; fileEncoding = 4; lastKnownFileType = sourcecode.cpp.h; name = fmod.hpp; path = ../../../libs/fmodex/include/fmod.hpp; sourceTree = SOURCE_ROOT; };
		E45BE0410E8CC650009D7055 /* fmod_codec.h */ = {isa = PBXFileReference; fileEncoding = 4; lastKnownFileType = sourcecode.c.h; name = fmod_codec.h; path = ../../../libs/fmodex/include/fmod_codec.h; sourceTree = SOURCE_ROOT; };
		E45BE0420E8CC650009D7055 /* fmod_dsp.h */ = {isa = PBXFileReference; fileEncoding = 4; lastKnownFileType = sourcecode.c.h; name = fmod_dsp.h; path = ../../../libs/fmodex/include/fmod_dsp.h; sourceTree = SOURCE_ROOT; };
		E45BE0430E8CC650009D7055 /* fmod_errors.h */ = {isa = PBXFileReference; fileEncoding = 4; lastKnownFileType = sourcecode.c.h; name = fmod_errors.h; path = ../../../libs/fmodex/include/fmod_errors.h; sourceTree = SOURCE_ROOT; };
		E45BE0440E8CC650009D7055 /* fmod_output.h */ = {isa = PBXFileReference; fileEncoding = 4; lastKnownFileType = sourcecode.c.h; name = fmod_output.h; path = ../../../libs/fmodex/include/fmod_output.h; sourceTree = SOURCE_ROOT; };
		E45BE0A70E8CC67C009D7055 /* GLee.h */ = {isa = PBXFileReference; fileEncoding = 4; lastKnownFileType = sourcecode.c.h; name = GLee.h; path = ../../../libs/GLee/include/GLee.h; sourceTree = SOURCE_ROOT; };
		E45BE0A90E8CC67C009D7055 /* GLee.a */ = {isa = PBXFileReference; lastKnownFileType = archive.ar; name = GLee.a; path = ../../../libs/GLee/lib/osx/GLee.a; sourceTree = SOURCE_ROOT; };
		E45BE2E00E8CC69C009D7055 /* RtAudio.h */ = {isa = PBXFileReference; fileEncoding = 4; lastKnownFileType = sourcecode.c.h; name = RtAudio.h; path = ../../../libs/rtAudio/include/RtAudio.h; sourceTree = SOURCE_ROOT; };
		E45BE2E10E8CC69C009D7055 /* RtError.h */ = {isa = PBXFileReference; fileEncoding = 4; lastKnownFileType = sourcecode.c.h; name = RtError.h; path = ../../../libs/rtAudio/include/RtError.h; sourceTree = SOURCE_ROOT; };
		E45BE2E30E8CC69C009D7055 /* rtAudio.a */ = {isa = PBXFileReference; lastKnownFileType = archive.ar; name = rtAudio.a; path = ../../../libs/rtAudio/lib/osx/rtAudio.a; sourceTree = SOURCE_ROOT; };
		E45BE9710E8CC7DD009D7055 /* AGL.framework */ = {isa = PBXFileReference; lastKnownFileType = wrapper.framework; name = AGL.framework; path = /System/Library/Frameworks/AGL.framework; sourceTree = "<absolute>"; };
		E45BE9720E8CC7DD009D7055 /* ApplicationServices.framework */ = {isa = PBXFileReference; lastKnownFileType = wrapper.framework; name = ApplicationServices.framework; path = /System/Library/Frameworks/ApplicationServices.framework; sourceTree = "<absolute>"; };
		E45BE9730E8CC7DD009D7055 /* AudioToolbox.framework */ = {isa = PBXFileReference; lastKnownFileType = wrapper.framework; name = AudioToolbox.framework; path = /System/Library/Frameworks/AudioToolbox.framework; sourceTree = "<absolute>"; };
		E45BE9740E8CC7DD009D7055 /* Carbon.framework */ = {isa = PBXFileReference; lastKnownFileType = wrapper.framework; name = Carbon.framework; path = /System/Library/Frameworks/Carbon.framework; sourceTree = "<absolute>"; };
		E45BE9750E8CC7DD009D7055 /* CoreAudio.framework */ = {isa = PBXFileReference; lastKnownFileType = wrapper.framework; name = CoreAudio.framework; path = /System/Library/Frameworks/CoreAudio.framework; sourceTree = "<absolute>"; };
		E45BE9760E8CC7DD009D7055 /* CoreFoundation.framework */ = {isa = PBXFileReference; lastKnownFileType = wrapper.framework; name = CoreFoundation.framework; path = /System/Library/Frameworks/CoreFoundation.framework; sourceTree = "<absolute>"; };
		E45BE9770E8CC7DD009D7055 /* CoreServices.framework */ = {isa = PBXFileReference; lastKnownFileType = wrapper.framework; name = CoreServices.framework; path = /System/Library/Frameworks/CoreServices.framework; sourceTree = "<absolute>"; };
		E45BE9790E8CC7DD009D7055 /* OpenGL.framework */ = {isa = PBXFileReference; lastKnownFileType = wrapper.framework; name = OpenGL.framework; path = /System/Library/Frameworks/OpenGL.framework; sourceTree = "<absolute>"; };
		E45BE97A0E8CC7DD009D7055 /* QuickTime.framework */ = {isa = PBXFileReference; lastKnownFileType = wrapper.framework; name = QuickTime.framework; path = /System/Library/Frameworks/QuickTime.framework; sourceTree = "<absolute>"; };
		E4B69B5B0A3A1756003C02F2 /* ArTest.app */ = {isa = PBXFileReference; explicitFileType = wrapper.application; includeInIndex = 0; path = ArTest.app; sourceTree = BUILT_PRODUCTS_DIR; };
		E4B69E1D0A3A1BDC003C02F2 /* main.cpp */ = {isa = PBXFileReference; fileEncoding = 30; lastKnownFileType = sourcecode.cpp.cpp; name = main.cpp; path = src/main.cpp; sourceTree = SOURCE_ROOT; };
		E4B69E1E0A3A1BDC003C02F2 /* testApp.cpp */ = {isa = PBXFileReference; explicitFileType = sourcecode.cpp.cpp; fileEncoding = 30; name = testApp.cpp; path = src/testApp.cpp; sourceTree = SOURCE_ROOT; };
		E4B69E1F0A3A1BDC003C02F2 /* testApp.h */ = {isa = PBXFileReference; fileEncoding = 30; lastKnownFileType = sourcecode.c.h; name = testApp.h; path = src/testApp.h; sourceTree = SOURCE_ROOT; };
		E4B6FCAD0C3E899E008CF71C /* openFrameworks-Info.plist */ = {isa = PBXFileReference; fileEncoding = 30; lastKnownFileType = text.plist.xml; path = "openFrameworks-Info.plist"; sourceTree = "<group>"; };
		E4C2421610CC549C004149E2 /* openFrameworksLib.xcodeproj */ = {isa = PBXFileReference; lastKnownFileType = "wrapper.pb-project"; name = openFrameworksLib.xcodeproj; path = ../../../libs/openFrameworksCompiled/project/osx/openFrameworksLib.xcodeproj; sourceTree = SOURCE_ROOT; };
		E4C2424410CC5A17004149E2 /* AppKit.framework */ = {isa = PBXFileReference; lastKnownFileType = wrapper.framework; name = AppKit.framework; path = /System/Library/Frameworks/AppKit.framework; sourceTree = "<absolute>"; };
		E4C2424510CC5A17004149E2 /* Cocoa.framework */ = {isa = PBXFileReference; lastKnownFileType = wrapper.framework; name = Cocoa.framework; path = /System/Library/Frameworks/Cocoa.framework; sourceTree = "<absolute>"; };
		E4C2424610CC5A17004149E2 /* IOKit.framework */ = {isa = PBXFileReference; lastKnownFileType = wrapper.framework; name = IOKit.framework; path = /System/Library/Frameworks/IOKit.framework; sourceTree = "<absolute>"; };
		E4C2425F10CC5A78004149E2 /* GLUT.framework */ = {isa = PBXFileReference; lastKnownFileType = wrapper.framework; name = GLUT.framework; path = ../../../libs/glut/lib/osx/GLUT.framework; sourceTree = SOURCE_ROOT; };
		E4C2427A10CC5B66004149E2 /* CppUnit.a */ = {isa = PBXFileReference; lastKnownFileType = archive.ar; name = CppUnit.a; path = ../../../libs/poco/lib/osx/CppUnit.a; sourceTree = SOURCE_ROOT; };
		E4C2427B10CC5B66004149E2 /* PocoFoundation.a */ = {isa = PBXFileReference; lastKnownFileType = archive.ar; name = PocoFoundation.a; path = ../../../libs/poco/lib/osx/PocoFoundation.a; sourceTree = SOURCE_ROOT; };
		E4C2427C10CC5B66004149E2 /* PocoNet.a */ = {isa = PBXFileReference; lastKnownFileType = archive.ar; name = PocoNet.a; path = ../../../libs/poco/lib/osx/PocoNet.a; sourceTree = SOURCE_ROOT; };
		E4C2427D10CC5B66004149E2 /* PocoUtil.a */ = {isa = PBXFileReference; lastKnownFileType = archive.ar; name = PocoUtil.a; path = ../../../libs/poco/lib/osx/PocoUtil.a; sourceTree = SOURCE_ROOT; };
		E4C2427E10CC5B66004149E2 /* PocoXML.a */ = {isa = PBXFileReference; lastKnownFileType = archive.ar; name = PocoXML.a; path = ../../../libs/poco/lib/osx/PocoXML.a; sourceTree = SOURCE_ROOT; };
		E4C2429310CC5C38004149E2 /* freetype.a */ = {isa = PBXFileReference; lastKnownFileType = archive.ar; name = freetype.a; path = ../../../libs/freetype/lib/osx/freetype.a; sourceTree = SOURCE_ROOT; };
		E4C242CC10CC650E004149E2 /* libfmodex.dylib */ = {isa = PBXFileReference; lastKnownFileType = "compiled.mach-o.dylib"; name = libfmodex.dylib; path = ../../../libs/fmodex/lib/osx/libfmodex.dylib; sourceTree = SOURCE_ROOT; };
		E4C246D910CCAE22004149E2 /* freeimage.a */ = {isa = PBXFileReference; lastKnownFileType = archive.ar; name = freeimage.a; path = ../../../libs/FreeImage/lib/osx/freeimage.a; sourceTree = SOURCE_ROOT; };
/* End PBXFileReference section */

/* Begin PBXFrameworksBuildPhase section */
		E4B69B590A3A1756003C02F2 /* Frameworks */ = {
			isa = PBXFrameworksBuildPhase;
			buildActionMask = 2147483647;
			files = (
				E4C2422B10CC554B004149E2 /* openFrameworksDebug.a in Frameworks */,
				E45BE0AA0E8CC67C009D7055 /* GLee.a in Frameworks */,
				E45BE2E40E8CC69C009D7055 /* rtAudio.a in Frameworks */,
				E45BE97B0E8CC7DD009D7055 /* AGL.framework in Frameworks */,
				E45BE97C0E8CC7DD009D7055 /* ApplicationServices.framework in Frameworks */,
				E45BE97D0E8CC7DD009D7055 /* AudioToolbox.framework in Frameworks */,
				E45BE97E0E8CC7DD009D7055 /* Carbon.framework in Frameworks */,
				E45BE97F0E8CC7DD009D7055 /* CoreAudio.framework in Frameworks */,
				E45BE9800E8CC7DD009D7055 /* CoreFoundation.framework in Frameworks */,
				E45BE9810E8CC7DD009D7055 /* CoreServices.framework in Frameworks */,
				E45BE9830E8CC7DD009D7055 /* OpenGL.framework in Frameworks */,
				E45BE9840E8CC7DD009D7055 /* QuickTime.framework in Frameworks */,
				E4C2424710CC5A17004149E2 /* AppKit.framework in Frameworks */,
				E4C2424810CC5A17004149E2 /* Cocoa.framework in Frameworks */,
				E4C2424910CC5A17004149E2 /* IOKit.framework in Frameworks */,
				E4C2426610CC5A78004149E2 /* GLUT.framework in Frameworks */,
				E4C2427F10CC5B66004149E2 /* CppUnit.a in Frameworks */,
				E4C2428010CC5B66004149E2 /* PocoFoundation.a in Frameworks */,
				E4C2428110CC5B66004149E2 /* PocoNet.a in Frameworks */,
				E4C2428210CC5B66004149E2 /* PocoUtil.a in Frameworks */,
				E4C2428310CC5B66004149E2 /* PocoXML.a in Frameworks */,
				E4C2429410CC5C38004149E2 /* freetype.a in Frameworks */,
				E4C242CD10CC650E004149E2 /* libfmodex.dylib in Frameworks */,
				E4C246DA10CCAE22004149E2 /* freeimage.a in Frameworks */,
				34E88917134E3CA800DA4D30 /* openCV.a in Frameworks */,
				34E889AD134E3EA500DA4D30 /* ARTK_Plus.a in Frameworks */,
			);
			runOnlyForDeploymentPostprocessing = 0;
		};
/* End PBXFrameworksBuildPhase section */

/* Begin PBXGroup section */
		340CBE7D134B4FE9005E9267 /* ofxNetwork */ = {
			isa = PBXGroup;
			children = (
				340CBE7E134B4FE9005E9267 /* docs */,
				340CBE80134B4FE9005E9267 /* install.xml */,
				340CBE81134B4FE9005E9267 /* src */,
			);
			name = ofxNetwork;
			path = ../../addons/ofxNetwork;
			sourceTree = SOURCE_ROOT;
		};
		340CBE7E134B4FE9005E9267 /* docs */ = {
			isa = PBXGroup;
			children = (
				340CBE7F134B4FE9005E9267 /* Instructions.txt */,
			);
			name = docs;
			path = ../../addons/ofxNetwork/docs;
			sourceTree = SOURCE_ROOT;
		};
		340CBE81134B4FE9005E9267 /* src */ = {
			isa = PBXGroup;
			children = (
				340CBE82134B4FE9005E9267 /* ofxNetwork.h */,
				340CBE83134B4FE9005E9267 /* ofxNetworkUtils.h */,
				340CBE84134B4FE9005E9267 /* ofxTCPClient.cpp */,
				340CBE85134B4FE9005E9267 /* ofxTCPClient.h */,
				340CBE86134B4FE9005E9267 /* ofxTCPManager.cpp */,
				340CBE87134B4FE9005E9267 /* ofxTCPManager.h */,
				340CBE88134B4FE9005E9267 /* ofxTCPServer.cpp */,
				340CBE89134B4FE9005E9267 /* ofxTCPServer.h */,
				340CBE8A134B4FE9005E9267 /* ofxUDPManager.cpp */,
				340CBE8B134B4FE9005E9267 /* ofxUDPManager.h */,
			);
			name = src;
			path = ../../addons/ofxNetwork/src;
			sourceTree = SOURCE_ROOT;
		};
		340CBEA2134B4FFC005E9267 /* ofxThread */ = {
			isa = PBXGroup;
			children = (
				340CBEA3134B4FFC005E9267 /* docs */,
				340CBEA5134B4FFC005E9267 /* install.xml */,
				340CBEA6134B4FFC005E9267 /* src */,
			);
			name = ofxThread;
			path = ../../addons/ofxThread;
			sourceTree = SOURCE_ROOT;
		};
		340CBEA3134B4FFC005E9267 /* docs */ = {
			isa = PBXGroup;
			children = (
				340CBEA4134B4FFC005E9267 /* Instructions.txt */,
			);
			name = docs;
			path = ../../addons/ofxThread/docs;
			sourceTree = SOURCE_ROOT;
		};
		340CBEA6134B4FFC005E9267 /* src */ = {
			isa = PBXGroup;
			children = (
				340CBEA7134B4FFC005E9267 /* ofxThread.cpp */,
				340CBEA8134B4FFC005E9267 /* ofxThread.h */,
			);
			name = src;
			path = ../../addons/ofxThread/src;
			sourceTree = SOURCE_ROOT;
		};
		3461ED9F134E6EFA0093B552 /* bilderbuchi-ofxGui-2b85dee */ = {
			isa = PBXGroup;
			children = (
				3461EDA0134E6EFB0093B552 /* .gitignore */,
				3461EDA1134E6EFB0093B552 /* gpl-3.0.txt */,
				3461EDA2134E6EFB0093B552 /* install.xml */,
				3461EDB7134E6EFB0093B552 /* README */,
				3461EDB8134E6EFB0093B552 /* src */,
			);
			name = "bilderbuchi-ofxGui-2b85dee";
			path = "../../addons/bilderbuchi-ofxGui-2b85dee";
			sourceTree = SOURCE_ROOT;
		};
		3461EDB8134E6EFB0093B552 /* src */ = {
			isa = PBXGroup;
			children = (
				3461EDB9134E6EFB0093B552 /* ofxGui.cpp */,
				3461EDBA134E6EFB0093B552 /* ofxGui.h */,
				3461EDBB134E6EFB0093B552 /* ofxGuiApp.h */,
				3461EDBC134E6EFB0093B552 /* ofxGuiButton.cpp */,
				3461EDBD134E6EFB0093B552 /* ofxGuiButton.h */,
				3461EDBE134E6EFB0093B552 /* ofxGuiColor.cpp */,
				3461EDBF134E6EFB0093B552 /* ofxGuiColor.h */,
				3461EDC0134E6EFB0093B552 /* ofxGuiFiles.cpp */,
				3461EDC1134E6EFB0093B552 /* ofxGuiFiles.h */,
				3461EDC2134E6EFB0093B552 /* ofxGuiGlobals.cpp */,
				3461EDC3134E6EFB0093B552 /* ofxGuiGlobals.h */,
				3461EDC4134E6EFB0093B552 /* ofxGuiKnob.cpp */,
				3461EDC5134E6EFB0093B552 /* ofxGuiKnob.h */,
				3461EDC6134E6EFB0093B552 /* ofxGuiMatrix.cpp */,
				3461EDC7134E6EFB0093B552 /* ofxGuiMatrix.h */,
				3461EDC8134E6EFB0093B552 /* ofxGuiMovable.cpp */,
				3461EDC9134E6EFB0093B552 /* ofxGuiMovable.h */,
				3461EDCA134E6EFB0093B552 /* ofxGuiObject.cpp */,
				3461EDCB134E6EFB0093B552 /* ofxGuiObject.h */,
				3461EDCC134E6EFB0093B552 /* ofxGuiPanel.cpp */,
				3461EDCD134E6EFB0093B552 /* ofxGuiPanel.h */,
				3461EDCE134E6EFB0093B552 /* ofxGuiPoints.cpp */,
				3461EDCF134E6EFB0093B552 /* ofxGuiPoints.h */,
				3461EDD0134E6EFB0093B552 /* ofxGuiRadar.cpp */,
				3461EDD1134E6EFB0093B552 /* ofxGuiRadar.h */,
				3461EDD2134E6EFB0093B552 /* ofxGuiScope.cpp */,
				3461EDD3134E6EFB0093B552 /* ofxGuiScope.h */,
				3461EDD4134E6EFB0093B552 /* ofxGuiSlider.cpp */,
				3461EDD5134E6EFB0093B552 /* ofxGuiSlider.h */,
				3461EDD6134E6EFB0093B552 /* ofxGuiSwitch.cpp */,
				3461EDD7134E6EFB0093B552 /* ofxGuiSwitch.h */,
				3461EDD8134E6EFB0093B552 /* ofxGuiTypes.h */,
				3461EDD9134E6EFB0093B552 /* ofxGuiXYPad.cpp */,
				3461EDDA134E6EFB0093B552 /* ofxGuiXYPad.h */,
			);
			path = src;
			sourceTree = "<group>";
		};
		3461EDFD134E6F440093B552 /* ofxDirList */ = {
			isa = PBXGroup;
			children = (
				3461EDFE134E6F440093B552 /* doc */,
				3461EE00134E6F440093B552 /* install.xml */,
				3461EE01134E6F440093B552 /* src */,
			);
			name = ofxDirList;
			path = ../../addons/ofxDirList;
			sourceTree = SOURCE_ROOT;
		};
		3461EDFE134E6F440093B552 /* doc */ = {
			isa = PBXGroup;
			children = (
				3461EDFF134E6F440093B552 /* Instructions.txt */,
			);
			name = doc;
			path = ../../addons/ofxDirList/doc;
			sourceTree = SOURCE_ROOT;
		};
		3461EE01134E6F440093B552 /* src */ = {
			isa = PBXGroup;
			children = (
				3461EE02134E6F440093B552 /* ofxDirList.cpp */,
				3461EE03134E6F440093B552 /* ofxDirList.h */,
			);
			name = src;
			path = ../../addons/ofxDirList/src;
			sourceTree = SOURCE_ROOT;
		};
		3461EE07134E6F570093B552 /* ofxXmlSettings */ = {
			isa = PBXGroup;
			children = (
				3461EE08134E6F570093B552 /* install.xml */,
				3461EE09134E6F570093B552 /* libs */,
				3461EE0E134E6F570093B552 /* src */,
			);
			name = ofxXmlSettings;
			path = ../../addons/ofxXmlSettings;
			sourceTree = SOURCE_ROOT;
		};
		3461EE09134E6F570093B552 /* libs */ = {
			isa = PBXGroup;
			children = (
				3461EE0A134E6F570093B552 /* tinyxml.cpp */,
				3461EE0B134E6F570093B552 /* tinyxml.h */,
				3461EE0C134E6F570093B552 /* tinyxmlerror.cpp */,
				3461EE0D134E6F570093B552 /* tinyxmlparser.cpp */,
			);
			name = libs;
			path = ../../addons/ofxXmlSettings/libs;
			sourceTree = SOURCE_ROOT;
		};
		3461EE0E134E6F570093B552 /* src */ = {
			isa = PBXGroup;
			children = (
				3461EE0F134E6F570093B552 /* ofxXmlSettings.cpp */,
				3461EE10134E6F570093B552 /* ofxXmlSettings.h */,
			);
			name = src;
			path = ../../addons/ofxXmlSettings/src;
			sourceTree = SOURCE_ROOT;
		};
		3461EE17134E6F6A0093B552 /* ofxVectorMath */ = {
			isa = PBXGroup;
			children = (
				3461EE18134E6F6A0093B552 /* install.xml */,
				3461EE19134E6F6A0093B552 /* src */,
			);
			name = ofxVectorMath;
			path = ../../addons/ofxVectorMath;
			sourceTree = SOURCE_ROOT;
		};
		3461EE19134E6F6A0093B552 /* src */ = {
			isa = PBXGroup;
			children = (
				3461EE1A134E6F6A0093B552 /* ofxMatrix3x3.cpp */,
				3461EE1B134E6F6A0093B552 /* ofxMatrix3x3.h */,
				3461EE1C134E6F6A0093B552 /* ofxMatrix4x4.cpp */,
				3461EE1D134E6F6A0093B552 /* ofxMatrix4x4.h */,
				3461EE1E134E6F6A0093B552 /* ofxPoint2f.h */,
				3461EE1F134E6F6A0093B552 /* ofxPoint3f.h */,
				3461EE20134E6F6A0093B552 /* ofxPoint4f.h */,
				3461EE21134E6F6A0093B552 /* ofxQuaternion.cpp */,
				3461EE22134E6F6A0093B552 /* ofxQuaternion.h */,
				3461EE23134E6F6A0093B552 /* ofxVec2f.h */,
				3461EE24134E6F6A0093B552 /* ofxVec3f.h */,
				3461EE25134E6F6A0093B552 /* ofxVec4f.h */,
				3461EE26134E6F6A0093B552 /* ofxVectorMath.h */,
			);
			name = src;
			path = ../../addons/ofxVectorMath/src;
			sourceTree = SOURCE_ROOT;
		};
		34E888EE134E3CA800DA4D30 /* ofxOpenCv */ = {
			isa = PBXGroup;
			children = (
				34E888EF134E3CA800DA4D30 /* install.xml */,
				34E888F0134E3CA800DA4D30 /* libs */,
				34E88906134E3CA800DA4D30 /* src */,
			);
			name = ofxOpenCv;
			path = ../../addons/ofxOpenCv;
			sourceTree = SOURCE_ROOT;
		};
		34E888F0134E3CA800DA4D30 /* libs */ = {
			isa = PBXGroup;
			children = (
				34E888F1134E3CA800DA4D30 /* opencv */,
			);
			name = libs;
			path = ../../addons/ofxOpenCv/libs;
			sourceTree = SOURCE_ROOT;
		};
		34E888F1134E3CA800DA4D30 /* opencv */ = {
			isa = PBXGroup;
			children = (
				34E888F2134E3CA800DA4D30 /* include */,
				34E88903134E3CA800DA4D30 /* lib */,
			);
			name = opencv;
			path = ../../addons/ofxOpenCv/libs/opencv;
			sourceTree = SOURCE_ROOT;
		};
		34E888F2134E3CA800DA4D30 /* include */ = {
			isa = PBXGroup;
			children = (
				34E888F3134E3CA800DA4D30 /* cv.h */,
				34E888F4134E3CA800DA4D30 /* cv.hpp */,
				34E888F5134E3CA800DA4D30 /* cvaux.h */,
				34E888F6134E3CA800DA4D30 /* cvaux.hpp */,
				34E888F7134E3CA800DA4D30 /* cvcompat.h */,
				34E888F8134E3CA800DA4D30 /* cvmat.hpp */,
				34E888F9134E3CA800DA4D30 /* cvstreams.h */,
				34E888FA134E3CA800DA4D30 /* cvtypes.h */,
				34E888FB134E3CA800DA4D30 /* cvver.h */,
				34E888FC134E3CA800DA4D30 /* cvvidsurv.hpp */,
				34E888FD134E3CA800DA4D30 /* cvwimage.h */,
				34E888FE134E3CA800DA4D30 /* cxcore.h */,
				34E888FF134E3CA800DA4D30 /* cxcore.hpp */,
				34E88900134E3CA800DA4D30 /* cxerror.h */,
				34E88901134E3CA800DA4D30 /* cxmisc.h */,
				34E88902134E3CA800DA4D30 /* cxtypes.h */,
			);
			name = include;
			path = ../../addons/ofxOpenCv/libs/opencv/include;
			sourceTree = SOURCE_ROOT;
		};
		34E88903134E3CA800DA4D30 /* lib */ = {
			isa = PBXGroup;
			children = (
				34E88904134E3CA800DA4D30 /* osx */,
			);
			name = lib;
			path = ../../addons/ofxOpenCv/libs/opencv/lib;
			sourceTree = SOURCE_ROOT;
		};
		34E88904134E3CA800DA4D30 /* osx */ = {
			isa = PBXGroup;
			children = (
				34E88905134E3CA800DA4D30 /* openCV.a */,
			);
			name = osx;
			path = ../../addons/ofxOpenCv/libs/opencv/lib/osx;
			sourceTree = SOURCE_ROOT;
		};
		34E88906134E3CA800DA4D30 /* src */ = {
			isa = PBXGroup;
			children = (
				34E88907134E3CA800DA4D30 /* ofxCvBlob.h */,
				34E88908134E3CA800DA4D30 /* ofxCvColorImage.cpp */,
				34E88909134E3CA800DA4D30 /* ofxCvColorImage.h */,
				34E8890A134E3CA800DA4D30 /* ofxCvConstants.h */,
				34E8890B134E3CA800DA4D30 /* ofxCvContourFinder.cpp */,
				34E8890C134E3CA800DA4D30 /* ofxCvContourFinder.h */,
				34E8890D134E3CA800DA4D30 /* ofxCvFloatImage.cpp */,
				34E8890E134E3CA800DA4D30 /* ofxCvFloatImage.h */,
				34E8890F134E3CA800DA4D30 /* ofxCvGrayscaleImage.cpp */,
				34E88910134E3CA800DA4D30 /* ofxCvGrayscaleImage.h */,
				34E88911134E3CA800DA4D30 /* ofxCvImage.cpp */,
				34E88912134E3CA800DA4D30 /* ofxCvImage.h */,
				34E88913134E3CA800DA4D30 /* ofxCvMain.h */,
				34E88914134E3CA800DA4D30 /* ofxCvShortImage.cpp */,
				34E88915134E3CA800DA4D30 /* ofxCvShortImage.h */,
				34E88916134E3CA800DA4D30 /* ofxOpenCv.h */,
			);
			name = src;
			path = ../../addons/ofxOpenCv/src;
			sourceTree = SOURCE_ROOT;
		};
		34E8894E134E3EA500DA4D30 /* ARTKPLUS */ = {
			isa = PBXGroup;
			children = (
				34E8894F134E3EA500DA4D30 /* include */,
				34E8896D134E3EA500DA4D30 /* lib */,
			);
			name = ARTKPLUS;
			path = ../../libs/ARTKPLUS;
			sourceTree = SOURCE_ROOT;
		};
		34E8894F134E3EA500DA4D30 /* include */ = {
			isa = PBXGroup;
			children = (
				34E88950134E3EA500DA4D30 /* ARToolKitPlus */,
			);
			name = include;
			path = ../../libs/ARTKPLUS/include;
			sourceTree = SOURCE_ROOT;
		};
		34E88950134E3EA500DA4D30 /* ARToolKitPlus */ = {
			isa = PBXGroup;
			children = (
				34E88951134E3EA500DA4D30 /* ar.h */,
				34E88952134E3EA500DA4D30 /* arBitFieldPattern.h */,
				34E88953134E3EA500DA4D30 /* arMulti.h */,
				34E88954134E3EA500DA4D30 /* ARToolKitPlus.h */,
				34E88955134E3EA500DA4D30 /* byteSwap.h */,
				34E88956134E3EA500DA4D30 /* Camera.h */,
				34E88957134E3EA500DA4D30 /* CameraAdvImpl.h */,
				34E88958134E3EA500DA4D30 /* CameraFactory.h */,
				34E88959134E3EA500DA4D30 /* CameraImpl.h */,
				34E8895A134E3EA500DA4D30 /* config.h */,
				34E8895B134E3EA500DA4D30 /* extra */,
				34E88960134E3EA500DA4D30 /* ImageGrabber.h */,
				34E88961134E3EA500DA4D30 /* Logger.h */,
				34E88962134E3EA500DA4D30 /* matrix.h */,
				34E88963134E3EA500DA4D30 /* MemoryManager.h */,
				34E88964134E3EA500DA4D30 /* MemoryManagerMemMap.h */,
				34E88965134E3EA500DA4D30 /* param.h */,
				34E88966134E3EA500DA4D30 /* Tracker.h */,
				34E88967134E3EA500DA4D30 /* TrackerImpl.h */,
				34E88968134E3EA500DA4D30 /* TrackerMultiMarker.h */,
				34E88969134E3EA500DA4D30 /* TrackerMultiMarkerImpl.h */,
				34E8896A134E3EA500DA4D30 /* TrackerSingleMarker.h */,
				34E8896B134E3EA500DA4D30 /* TrackerSingleMarkerImpl.h */,
				34E8896C134E3EA500DA4D30 /* vector.h */,
			);
			name = ARToolKitPlus;
			path = ../../libs/ARTKPLUS/include/ARToolKitPlus;
			sourceTree = SOURCE_ROOT;
		};
		34E8895B134E3EA500DA4D30 /* extra */ = {
			isa = PBXGroup;
			children = (
				34E8895C134E3EA500DA4D30 /* BCH.h */,
				34E8895D134E3EA500DA4D30 /* GPP.h */,
				34E8895E134E3EA500DA4D30 /* Profiler.h */,
				34E8895F134E3EA500DA4D30 /* rpp.h */,
			);
			name = extra;
			path = ../../libs/ARTKPLUS/include/ARToolKitPlus/extra;
			sourceTree = SOURCE_ROOT;
		};
		34E8896D134E3EA500DA4D30 /* lib */ = {
			isa = PBXGroup;
			children = (
				34E8896E134E3EA500DA4D30 /* ARTK_Plus.a */,
			);
			name = lib;
			path = ../../libs/ARTKPLUS/lib;
			sourceTree = SOURCE_ROOT;
		};
		34E88B4F134E570800DA4D30 /* ofxFBOTexture_2010-01-16 */ = {
			isa = PBXGroup;
			children = (
				34E88B50134E570800DA4D30 /* ofxFBOTexture.cpp */,
				34E88B51134E570800DA4D30 /* ofxFBOTexture.h */,
			);
			name = "ofxFBOTexture_2010-01-16";
			path = "../../addons/ofxFBOTexture_2010-01-16";
			sourceTree = SOURCE_ROOT;
		};
		BB4B018C10F6955C006C3DED /* addons */ = {
			isa = PBXGroup;
			children = (
				3461EE17134E6F6A0093B552 /* ofxVectorMath */,
				3461EE07134E6F570093B552 /* ofxXmlSettings */,
				3461EDFD134E6F440093B552 /* ofxDirList */,
				3461ED9F134E6EFA0093B552 /* bilderbuchi-ofxGui-2b85dee */,
				34E88B4F134E570800DA4D30 /* ofxFBOTexture_2010-01-16 */,
				34E888EE134E3CA800DA4D30 /* ofxOpenCv */,
				340CBEA2134B4FFC005E9267 /* ofxThread */,
				340CBE7D134B4FE9005E9267 /* ofxNetwork */,
			);
			name = addons;
			sourceTree = "<group>";
		};
		E45BE0360E8CC5DE009D7055 /* libs */ = {
			isa = PBXGroup;
			children = (
				34E8894E134E3EA500DA4D30 /* ARTKPLUS */,
				E45BEED60E8CCB34009D7055 /* core */,
			);
			name = libs;
			sourceTree = "<group>";
		};
		E45BE0370E8CC647009D7055 /* freeimage */ = {
			isa = PBXGroup;
			children = (
				E4C246D810CCAE22004149E2 /* osx */,
				E45BE0380E8CC647009D7055 /* include */,
			);
			name = freeimage;
			path = ../../../libs/freeimage;
			sourceTree = SOURCE_ROOT;
		};
		E45BE0380E8CC647009D7055 /* include */ = {
			isa = PBXGroup;
			children = (
				E45BE0390E8CC647009D7055 /* FreeImage.h */,
			);
			name = include;
			path = ../../../libs/freeimage/include;
			sourceTree = SOURCE_ROOT;
		};
		E45BE03D0E8CC650009D7055 /* fmodex */ = {
			isa = PBXGroup;
			children = (
				E45BE03E0E8CC650009D7055 /* inc */,
				E4C2428E10CC5C18004149E2 /* osx */,
			);
			name = fmodex;
			path = ../../../libs/fmodex;
			sourceTree = SOURCE_ROOT;
		};
		E45BE03E0E8CC650009D7055 /* inc */ = {
			isa = PBXGroup;
			children = (
				E45BE03F0E8CC650009D7055 /* fmod.h */,
				E45BE0400E8CC650009D7055 /* fmod.hpp */,
				E45BE0410E8CC650009D7055 /* fmod_codec.h */,
				E45BE0420E8CC650009D7055 /* fmod_dsp.h */,
				E45BE0430E8CC650009D7055 /* fmod_errors.h */,
				E45BE0440E8CC650009D7055 /* fmod_output.h */,
			);
			name = inc;
			path = ../../../libs/fmodex/include;
			sourceTree = SOURCE_ROOT;
		};
		E45BE0480E8CC657009D7055 /* core libraries */ = {
			isa = PBXGroup;
			children = (
				E4C2425B10CC5A78004149E2 /* glut */,
				E45BEC7B0E8CC911009D7055 /* poco */,
				E45BE2D50E8CC69C009D7055 /* rtAudio */,
				E45BE0A50E8CC67C009D7055 /* GLee */,
				E45BE0490E8CC676009D7055 /* freetype */,
				E45BE03D0E8CC650009D7055 /* fmodex */,
				E45BE0370E8CC647009D7055 /* freeimage */,
			);
			name = "core libraries";
			sourceTree = "<group>";
		};
		E45BE0490E8CC676009D7055 /* freetype */ = {
			isa = PBXGroup;
			children = (
				E4C2429210CC5C38004149E2 /* osx */,
			);
			name = freetype;
			path = ../../../libs/freetype;
			sourceTree = SOURCE_ROOT;
		};
		E45BE0A50E8CC67C009D7055 /* GLee */ = {
			isa = PBXGroup;
			children = (
				E45BE0A60E8CC67C009D7055 /* include */,
				E45BE0A80E8CC67C009D7055 /* lib */,
			);
			name = GLee;
			path = ../../../libs/GLee;
			sourceTree = SOURCE_ROOT;
		};
		E45BE0A60E8CC67C009D7055 /* include */ = {
			isa = PBXGroup;
			children = (
				E45BE0A70E8CC67C009D7055 /* GLee.h */,
			);
			name = include;
			path = ../../../libs/GLee/include;
			sourceTree = SOURCE_ROOT;
		};
		E45BE0A80E8CC67C009D7055 /* lib */ = {
			isa = PBXGroup;
			children = (
				E45BE0A90E8CC67C009D7055 /* GLee.a */,
			);
			name = lib;
			path = ../../../libs/GLee/lib/osx;
			sourceTree = SOURCE_ROOT;
		};
		E45BE2D50E8CC69C009D7055 /* rtAudio */ = {
			isa = PBXGroup;
			children = (
				E45BE2D60E8CC69C009D7055 /* include */,
				E45BE2E20E8CC69C009D7055 /* lib */,
			);
			name = rtAudio;
			path = ../../../libs/rtAudio;
			sourceTree = SOURCE_ROOT;
		};
		E45BE2D60E8CC69C009D7055 /* include */ = {
			isa = PBXGroup;
			children = (
				E45BE2D70E8CC69C009D7055 /* asio */,
				E45BE2E00E8CC69C009D7055 /* RtAudio.h */,
				E45BE2E10E8CC69C009D7055 /* RtError.h */,
			);
			name = include;
			path = ../../../libs/rtAudio/include;
			sourceTree = SOURCE_ROOT;
		};
		E45BE2D70E8CC69C009D7055 /* asio */ = {
			isa = PBXGroup;
			children = (
			);
			name = asio;
			path = ../../../libs/rtAudio/include/asio;
			sourceTree = SOURCE_ROOT;
		};
		E45BE2E20E8CC69C009D7055 /* lib */ = {
			isa = PBXGroup;
			children = (
				E45BE2E30E8CC69C009D7055 /* rtAudio.a */,
			);
			name = lib;
			path = ../../../libs/rtAudio/lib/osx;
			sourceTree = SOURCE_ROOT;
		};
		E45BE5980E8CC70C009D7055 /* core frameworks */ = {
			isa = PBXGroup;
			children = (
				E4C2424410CC5A17004149E2 /* AppKit.framework */,
				E4C2424510CC5A17004149E2 /* Cocoa.framework */,
				E4C2424610CC5A17004149E2 /* IOKit.framework */,
				E45BE9710E8CC7DD009D7055 /* AGL.framework */,
				E45BE9720E8CC7DD009D7055 /* ApplicationServices.framework */,
				E45BE9730E8CC7DD009D7055 /* AudioToolbox.framework */,
				E45BE9740E8CC7DD009D7055 /* Carbon.framework */,
				E45BE9750E8CC7DD009D7055 /* CoreAudio.framework */,
				E45BE9760E8CC7DD009D7055 /* CoreFoundation.framework */,
				E45BE9770E8CC7DD009D7055 /* CoreServices.framework */,
				E45BE9790E8CC7DD009D7055 /* OpenGL.framework */,
				E45BE97A0E8CC7DD009D7055 /* QuickTime.framework */,
			);
			name = "core frameworks";
			sourceTree = "<group>";
		};
		E45BEC7B0E8CC911009D7055 /* poco */ = {
			isa = PBXGroup;
			children = (
				E4C2427910CC5B66004149E2 /* osx */,
			);
			name = poco;
			path = ../../../libs/poco;
			sourceTree = SOURCE_ROOT;
		};
		E45BEED60E8CCB34009D7055 /* core */ = {
			isa = PBXGroup;
			children = (
				E45BE0480E8CC657009D7055 /* core libraries */,
				E45BE5980E8CC70C009D7055 /* core frameworks */,
			);
			name = core;
			sourceTree = "<group>";
		};
		E4B69B4A0A3A1720003C02F2 = {
			isa = PBXGroup;
			children = (
				E4B69B5B0A3A1756003C02F2 /* ArTest.app */,
				E4B6FCAD0C3E899E008CF71C /* openFrameworks-Info.plist */,
				E4B69E1C0A3A1BDC003C02F2 /* src */,
				BB4B018C10F6955C006C3DED /* addons */,
				E4C2422310CC54B6004149E2 /* openFrameworks */,
				E45BE0360E8CC5DE009D7055 /* libs */,
			);
			sourceTree = "<group>";
		};
		E4B69E1C0A3A1BDC003C02F2 /* src */ = {
			isa = PBXGroup;
			children = (
				E4B69E1D0A3A1BDC003C02F2 /* main.cpp */,
				E4B69E1E0A3A1BDC003C02F2 /* testApp.cpp */,
				E4B69E1F0A3A1BDC003C02F2 /* testApp.h */,
			);
			path = src;
			sourceTree = SOURCE_ROOT;
		};
		E4C2421710CC549C004149E2 /* Products */ = {
			isa = PBXGroup;
			children = (
				E4C2421E10CC549C004149E2 /* openFrameworksDebug.a */,
			);
			name = Products;
			sourceTree = "<group>";
		};
		E4C2422310CC54B6004149E2 /* openFrameworks */ = {
			isa = PBXGroup;
			children = (
				E4C2421610CC549C004149E2 /* openFrameworksLib.xcodeproj */,
			);
			name = openFrameworks;
			sourceTree = "<group>";
		};
		E4C2425B10CC5A78004149E2 /* glut */ = {
			isa = PBXGroup;
			children = (
				E4C2425D10CC5A78004149E2 /* lib */,
			);
			name = glut;
			path = ../../../libs/glut;
			sourceTree = SOURCE_ROOT;
		};
		E4C2425D10CC5A78004149E2 /* lib */ = {
			isa = PBXGroup;
			children = (
				E4C2425E10CC5A78004149E2 /* osx */,
			);
			name = lib;
			path = ../../../libs/glut/lib;
			sourceTree = SOURCE_ROOT;
		};
		E4C2425E10CC5A78004149E2 /* osx */ = {
			isa = PBXGroup;
			children = (
				E4C2425F10CC5A78004149E2 /* GLUT.framework */,
			);
			name = osx;
			path = ../../../libs/glut/lib/osx;
			sourceTree = SOURCE_ROOT;
		};
		E4C2427910CC5B66004149E2 /* osx */ = {
			isa = PBXGroup;
			children = (
				E4C2427A10CC5B66004149E2 /* CppUnit.a */,
				E4C2427B10CC5B66004149E2 /* PocoFoundation.a */,
				E4C2427C10CC5B66004149E2 /* PocoNet.a */,
				E4C2427D10CC5B66004149E2 /* PocoUtil.a */,
				E4C2427E10CC5B66004149E2 /* PocoXML.a */,
			);
			name = osx;
			path = ../../../libs/poco/lib/osx;
			sourceTree = SOURCE_ROOT;
		};
		E4C2428E10CC5C18004149E2 /* osx */ = {
			isa = PBXGroup;
			children = (
				E4C242CC10CC650E004149E2 /* libfmodex.dylib */,
			);
			name = osx;
			path = ../../../libs/fmodex/lib/osx;
			sourceTree = SOURCE_ROOT;
		};
		E4C2429210CC5C38004149E2 /* osx */ = {
			isa = PBXGroup;
			children = (
				E4C2429310CC5C38004149E2 /* freetype.a */,
			);
			name = osx;
			path = ../../../libs/freetype/lib/osx;
			sourceTree = SOURCE_ROOT;
		};
		E4C246D810CCAE22004149E2 /* osx */ = {
			isa = PBXGroup;
			children = (
				E4C246D910CCAE22004149E2 /* freeimage.a */,
			);
			name = osx;
			path = ../../../libs/FreeImage/lib/osx;
			sourceTree = SOURCE_ROOT;
		};
/* End PBXGroup section */

/* Begin PBXNativeTarget section */
		E4B69B5A0A3A1756003C02F2 /* ArTest */ = {
			isa = PBXNativeTarget;
			buildConfigurationList = E4B69B5F0A3A1757003C02F2 /* Build configuration list for PBXNativeTarget "ArTest" */;
			buildPhases = (
				E4B69B580A3A1756003C02F2 /* Sources */,
				E4B69B590A3A1756003C02F2 /* Frameworks */,
				E4B6FFFD0C3F9AB9008CF71C /* ShellScript */,
				E4C2427710CC5ABF004149E2 /* CopyFiles */,
				E4C2444710CC769B004149E2 /* CopyFiles */,
			);
			buildRules = (
			);
			dependencies = (
				E4C2422810CC54DA004149E2 /* PBXTargetDependency */,
			);
			name = ArTest;
			productName = myOFApp;
			productReference = E4B69B5B0A3A1756003C02F2 /* ArTest.app */;
			productType = "com.apple.product-type.application";
		};
/* End PBXNativeTarget section */

/* Begin PBXProject section */
		E4B69B4C0A3A1720003C02F2 /* Project object */ = {
			isa = PBXProject;
			buildConfigurationList = E4B69B4D0A3A1720003C02F2 /* Build configuration list for PBXProject "ArTest" */;
			compatibilityVersion = "Xcode 2.4";
			hasScannedForEncodings = 0;
			mainGroup = E4B69B4A0A3A1720003C02F2;
			productRefGroup = E4B69B4A0A3A1720003C02F2;
			projectDirPath = "";
			projectReferences = (
				{
					ProductGroup = E4C2421710CC549C004149E2 /* Products */;
					ProjectRef = E4C2421610CC549C004149E2 /* openFrameworksLib.xcodeproj */;
				},
			);
			projectRoot = "";
			targets = (
				E4B69B5A0A3A1756003C02F2 /* ArTest */,
			);
		};
/* End PBXProject section */

/* Begin PBXReferenceProxy section */
		E4C2421E10CC549C004149E2 /* openFrameworksDebug.a */ = {
			isa = PBXReferenceProxy;
			fileType = archive.ar;
			path = openFrameworksDebug.a;
			remoteRef = E4C2421D10CC549C004149E2 /* PBXContainerItemProxy */;
			sourceTree = BUILT_PRODUCTS_DIR;
		};
/* End PBXReferenceProxy section */

/* Begin PBXShellScriptBuildPhase section */
		E4B6FFFD0C3F9AB9008CF71C /* ShellScript */ = {
			isa = PBXShellScriptBuildPhase;
			buildActionMask = 2147483647;
			files = (
			);
			inputPaths = (
			);
			outputPaths = (
			);
			runOnlyForDeploymentPostprocessing = 0;
			shellPath = /bin/sh;
			shellScript = "cp -f ../../../libs/fmodex/lib/osx/libfmodex.dylib \"$TARGET_BUILD_DIR/$PRODUCT_NAME.app/Contents/MacOS/libfmodex.dylib\"\ninstall_name_tool -change ./libfmodex.dylib @executable_path/libfmodex.dylib \"$TARGET_BUILD_DIR/$PRODUCT_NAME.app/Contents/MacOS/$PRODUCT_NAME\" ";
		};
/* End PBXShellScriptBuildPhase section */

/* Begin PBXSourcesBuildPhase section */
		E4B69B580A3A1756003C02F2 /* Sources */ = {
			isa = PBXSourcesBuildPhase;
			buildActionMask = 2147483647;
			files = (
				E4B69E200A3A1BDC003C02F2 /* main.cpp in Sources */,
				E4B69E210A3A1BDC003C02F2 /* testApp.cpp in Sources */,
				340CBE8C134B4FE9005E9267 /* ofxTCPClient.cpp in Sources */,
				340CBE8D134B4FE9005E9267 /* ofxTCPManager.cpp in Sources */,
				340CBE8E134B4FE9005E9267 /* ofxTCPServer.cpp in Sources */,
				340CBE8F134B4FE9005E9267 /* ofxUDPManager.cpp in Sources */,
				340CBEA9134B4FFC005E9267 /* ofxThread.cpp in Sources */,
				34E88918134E3CA800DA4D30 /* ofxCvColorImage.cpp in Sources */,
				34E88919134E3CA800DA4D30 /* ofxCvContourFinder.cpp in Sources */,
				34E8891A134E3CA800DA4D30 /* ofxCvFloatImage.cpp in Sources */,
				34E8891B134E3CA800DA4D30 /* ofxCvGrayscaleImage.cpp in Sources */,
				34E8891C134E3CA800DA4D30 /* ofxCvImage.cpp in Sources */,
				34E8891D134E3CA800DA4D30 /* ofxCvShortImage.cpp in Sources */,
				34E88B52134E570800DA4D30 /* ofxFBOTexture.cpp in Sources */,
				3461EDDE134E6EFB0093B552 /* ofxGui.cpp in Sources */,
				3461EDDF134E6EFB0093B552 /* ofxGuiButton.cpp in Sources */,
				3461EDE0134E6EFB0093B552 /* ofxGuiColor.cpp in Sources */,
				3461EDE1134E6EFB0093B552 /* ofxGuiFiles.cpp in Sources */,
				3461EDE2134E6EFB0093B552 /* ofxGuiGlobals.cpp in Sources */,
				3461EDE3134E6EFB0093B552 /* ofxGuiKnob.cpp in Sources */,
				3461EDE4134E6EFB0093B552 /* ofxGuiMatrix.cpp in Sources */,
				3461EDE5134E6EFB0093B552 /* ofxGuiMovable.cpp in Sources */,
				3461EDE6134E6EFB0093B552 /* ofxGuiObject.cpp in Sources */,
				3461EDE7134E6EFB0093B552 /* ofxGuiPanel.cpp in Sources */,
				3461EDE8134E6EFB0093B552 /* ofxGuiPoints.cpp in Sources */,
				3461EDE9134E6EFB0093B552 /* ofxGuiRadar.cpp in Sources */,
				3461EDEA134E6EFB0093B552 /* ofxGuiScope.cpp in Sources */,
				3461EDEB134E6EFB0093B552 /* ofxGuiSlider.cpp in Sources */,
				3461EDEC134E6EFB0093B552 /* ofxGuiSwitch.cpp in Sources */,
				3461EDED134E6EFB0093B552 /* ofxGuiXYPad.cpp in Sources */,
				3461EE04134E6F440093B552 /* ofxDirList.cpp in Sources */,
				3461EE11134E6F570093B552 /* tinyxml.cpp in Sources */,
				3461EE12134E6F570093B552 /* tinyxmlerror.cpp in Sources */,
				3461EE13134E6F570093B552 /* tinyxmlparser.cpp in Sources */,
				3461EE14134E6F570093B552 /* ofxXmlSettings.cpp in Sources */,
				3461EE27134E6F6A0093B552 /* ofxMatrix3x3.cpp in Sources */,
				3461EE28134E6F6A0093B552 /* ofxMatrix4x4.cpp in Sources */,
				3461EE29134E6F6A0093B552 /* ofxQuaternion.cpp in Sources */,
			);
			runOnlyForDeploymentPostprocessing = 0;
		};
/* End PBXSourcesBuildPhase section */

/* Begin PBXTargetDependency section */
		E4C2422810CC54DA004149E2 /* PBXTargetDependency */ = {
			isa = PBXTargetDependency;
			name = openFrameworks;
			targetProxy = E4C2422710CC54DA004149E2 /* PBXContainerItemProxy */;
		};
/* End PBXTargetDependency section */

/* Begin XCBuildConfiguration section */
		E4B27CA010CBF8A600536013 /* ReleaseUniversal */ = {
			isa = XCBuildConfiguration;
			buildSettings = {
				ARCHS = (
					ppc,
					i386,
				);
				CONFIGURATION_BUILD_DIR = "$(SRCROOT)/bin/";
				COPY_PHASE_STRIP = YES;
				DEAD_CODE_STRIPPING = YES;
				GCC_AUTO_VECTORIZATION = YES;
				GCC_ENABLE_SSE3_EXTENSIONS = YES;
				GCC_ENABLE_SUPPLEMENTAL_SSE3_INSTRUCTIONS = YES;
				GCC_INLINES_ARE_PRIVATE_EXTERN = NO;
				GCC_MODEL_TUNING = G5;
				GCC_OPTIMIZATION_LEVEL = 3;
				GCC_SYMBOLS_PRIVATE_EXTERN = NO;
				GCC_UNROLL_LOOPS = YES;
				GCC_WARN_ABOUT_DEPRECATED_FUNCTIONS = NO;
				GCC_WARN_ABOUT_INVALID_OFFSETOF_MACRO = NO;
				GCC_WARN_ALLOW_INCOMPLETE_PROTOCOL = NO;
				GCC_WARN_UNINITIALIZED_AUTOS = NO;
				GCC_WARN_UNUSED_VALUE = NO;
				GCC_WARN_UNUSED_VARIABLE = NO;
				HEADER_SEARCH_PATHS = (
					"../../../libs/openFrameworks/**",
					../../../libs/freetype/include/,
					../../../libs/freetype/include/freetype2,
					../../../libs/poco/include,
				);
				OTHER_CPLUSPLUSFLAGS = (
					"-D__MACOSX_CORE__",
					"-lpthread",
				);
				OTHER_LDFLAGS = "";
				SDKROOT = /Developer/SDKs/MacOSX10.4u.sdk;
			};
			name = ReleaseUniversal;
		};
		E4B27CA110CBF8A600536013 /* ReleaseUniversal */ = {
			isa = XCBuildConfiguration;
			buildSettings = {
				COPY_PHASE_STRIP = YES;
				FRAMEWORK_SEARCH_PATHS = (
					"$(inherited)",
					"$(FRAMEWORK_SEARCH_PATHS_QUOTED_FOR_TARGET_1)",
				);
				FRAMEWORK_SEARCH_PATHS_QUOTED_FOR_TARGET_1 = "\"$(SRCROOT)/../../../libs/glut/lib/osx\"";
				GCC_ENABLE_FIX_AND_CONTINUE = NO;
				GCC_GENERATE_DEBUGGING_SYMBOLS = NO;
				GCC_MODEL_TUNING = G4;
				GCC_PRECOMPILE_PREFIX_HEADER = YES;
				GCC_PREFIX_HEADER = "$(SYSTEM_LIBRARY_DIR)/Frameworks/Carbon.framework/Headers/Carbon.h";
				INFOPLIST_FILE = "openFrameworks-Info.plist";
				INSTALL_PATH = "$(HOME)/Applications";
				LIBRARY_SEARCH_PATHS = (
					"$(inherited)",
					"$(LIBRARY_SEARCH_PATHS_QUOTED_FOR_TARGET_1)",
					"$(LIBRARY_SEARCH_PATHS_QUOTED_FOR_TARGET_2)",
					"$(LIBRARY_SEARCH_PATHS_QUOTED_FOR_TARGET_3)",
					"$(LIBRARY_SEARCH_PATHS_QUOTED_FOR_TARGET_4)",
					"$(LIBRARY_SEARCH_PATHS_QUOTED_FOR_TARGET_5)",
					"$(LIBRARY_SEARCH_PATHS_QUOTED_FOR_TARGET_6)",
					"$(LIBRARY_SEARCH_PATHS_QUOTED_FOR_TARGET_7)",
					"$(LIBRARY_SEARCH_PATHS_QUOTED_FOR_TARGET_8)",
					"$(LIBRARY_SEARCH_PATHS_QUOTED_FOR_TARGET_9)",
					"$(LIBRARY_SEARCH_PATHS_QUOTED_FOR_TARGET_10)",
					"$(LIBRARY_SEARCH_PATHS_QUOTED_FOR_TARGET_11)",
					"$(LIBRARY_SEARCH_PATHS_QUOTED_FOR_TARGET_12)",
					"$(LIBRARY_SEARCH_PATHS_QUOTED_FOR_TARGET_13)",
					"$(LIBRARY_SEARCH_PATHS_QUOTED_FOR_TARGET_14)",
					"$(LIBRARY_SEARCH_PATHS_QUOTED_FOR_TARGET_15)",
					"$(LIBRARY_SEARCH_PATHS_QUOTED_FOR_TARGET_2)",
					"$(LIBRARY_SEARCH_PATHS_QUOTED_FOR_TARGET_3)",
					"$(LIBRARY_SEARCH_PATHS_QUOTED_FOR_TARGET_7)",
					"$(LIBRARY_SEARCH_PATHS_QUOTED_FOR_TARGET_8)",
				);
				LIBRARY_SEARCH_PATHS_QUOTED_FOR_TARGET_1 = "\"$(SRCROOT)/../../../libs/freeimage/lib/osx\"";
				LIBRARY_SEARCH_PATHS_QUOTED_FOR_TARGET_14 = "\"$(SRCROOT)/../../../libs/fmodex/lib/osx\"";
				LIBRARY_SEARCH_PATHS_QUOTED_FOR_TARGET_15 = "\"$(SRCROOT)/../../../libs/freetype/lib/osx\"";
				LIBRARY_SEARCH_PATHS_QUOTED_FOR_TARGET_2 = "\"$(SRCROOT)/../../../libs/FreeImage/lib/osx\"";
				LIBRARY_SEARCH_PATHS_QUOTED_FOR_TARGET_3 = "\"$(SRCROOT)/../../libs/ARTKPLUS/lib\"";
				LIBRARY_SEARCH_PATHS_QUOTED_FOR_TARGET_4 = "\"$(SRCROOT)/../../../libs/GLee/lib/osx\"";
				LIBRARY_SEARCH_PATHS_QUOTED_FOR_TARGET_5 = "\"$(SRCROOT)/../../../libs/poco/lib/osx\"";
				LIBRARY_SEARCH_PATHS_QUOTED_FOR_TARGET_6 = "\"$(SRCROOT)/../../../libs/rtAudio/lib/osx\"";
				LIBRARY_SEARCH_PATHS_QUOTED_FOR_TARGET_7 = "\"$(SRCROOT)/../../libs/ARToolKitStatic/lib\"";
				LIBRARY_SEARCH_PATHS_QUOTED_FOR_TARGET_8 = "\"$(SRCROOT)/../../addons/ofxOpenCv/libs/opencv/lib/osx\"";
				PREBINDING = NO;
				PRODUCT_NAME = ArTest;
				WRAPPER_EXTENSION = app;
				ZERO_LINK = NO;
			};
			name = ReleaseUniversal;
		};
		E4B69B4E0A3A1720003C02F2 /* Debug */ = {
			isa = XCBuildConfiguration;
			buildSettings = {
				ARCHS = "$(NATIVE_ARCH)";
				CONFIGURATION_BUILD_DIR = "$(SRCROOT)/bin/";
				COPY_PHASE_STRIP = NO;
				DEAD_CODE_STRIPPING = YES;
				GCC_AUTO_VECTORIZATION = YES;
				GCC_ENABLE_SSE3_EXTENSIONS = YES;
				GCC_ENABLE_SUPPLEMENTAL_SSE3_INSTRUCTIONS = YES;
				GCC_INLINES_ARE_PRIVATE_EXTERN = NO;
				GCC_MODEL_TUNING = G5;
				GCC_SYMBOLS_PRIVATE_EXTERN = NO;
				GCC_WARN_ABOUT_DEPRECATED_FUNCTIONS = NO;
				GCC_WARN_ABOUT_INVALID_OFFSETOF_MACRO = NO;
				GCC_WARN_ALLOW_INCOMPLETE_PROTOCOL = NO;
				GCC_WARN_UNINITIALIZED_AUTOS = NO;
				GCC_WARN_UNUSED_VALUE = NO;
				GCC_WARN_UNUSED_VARIABLE = NO;
				HEADER_SEARCH_PATHS = (
					../../libs/ARTKPLUS/include/,
					"../../../libs/openFrameworks/**",
					../../../libs/freetype/include/,
					../../../libs/freetype/include/freetype2,
					../../../libs/poco/include,
				);
				OTHER_CPLUSPLUSFLAGS = (
					"-D__MACOSX_CORE__",
					"-lpthread",
				);
				OTHER_LDFLAGS = "";
				SDKROOT = "$(DEVELOPER_SDK_DIR)/MacOSX10.6.sdk";
			};
			name = Debug;
		};
		E4B69B4F0A3A1720003C02F2 /* Release */ = {
			isa = XCBuildConfiguration;
			buildSettings = {
				ARCHS = "$(NATIVE_ARCH)";
				CONFIGURATION_BUILD_DIR = "$(SRCROOT)/bin/";
				COPY_PHASE_STRIP = YES;
				DEAD_CODE_STRIPPING = YES;
				GCC_AUTO_VECTORIZATION = YES;
				GCC_ENABLE_SSE3_EXTENSIONS = YES;
				GCC_ENABLE_SUPPLEMENTAL_SSE3_INSTRUCTIONS = YES;
				GCC_INLINES_ARE_PRIVATE_EXTERN = NO;
				GCC_MODEL_TUNING = G5;
				GCC_OPTIMIZATION_LEVEL = 3;
				GCC_SYMBOLS_PRIVATE_EXTERN = NO;
				GCC_UNROLL_LOOPS = YES;
				GCC_WARN_ABOUT_DEPRECATED_FUNCTIONS = NO;
				GCC_WARN_ABOUT_INVALID_OFFSETOF_MACRO = NO;
				GCC_WARN_ALLOW_INCOMPLETE_PROTOCOL = NO;
				GCC_WARN_UNINITIALIZED_AUTOS = NO;
				GCC_WARN_UNUSED_VALUE = NO;
				GCC_WARN_UNUSED_VARIABLE = NO;
				HEADER_SEARCH_PATHS = (
					"../../../libs/openFrameworks/**",
					../../../libs/freetype/include/,
					../../../libs/freetype/include/freetype2,
					../../../libs/poco/include,
				);
				OTHER_CPLUSPLUSFLAGS = (
					"-D__MACOSX_CORE__",
					"-lpthread",
				);
				OTHER_LDFLAGS = "";
				SDKROOT = /Developer/SDKs/MacOSX10.4u.sdk;
			};
			name = Release;
		};
		E4B69B600A3A1757003C02F2 /* Debug */ = {
			isa = XCBuildConfiguration;
			buildSettings = {
				COPY_PHASE_STRIP = NO;
				FRAMEWORK_SEARCH_PATHS = (
					"$(inherited)",
					"$(FRAMEWORK_SEARCH_PATHS_QUOTED_FOR_TARGET_1)",
				);
				FRAMEWORK_SEARCH_PATHS_QUOTED_FOR_TARGET_1 = "\"$(SRCROOT)/../../../libs/glut/lib/osx\"";
				GCC_DYNAMIC_NO_PIC = NO;
				GCC_ENABLE_FIX_AND_CONTINUE = YES;
				GCC_GENERATE_DEBUGGING_SYMBOLS = YES;
				GCC_MODEL_TUNING = G4;
				GCC_OPTIMIZATION_LEVEL = 0;
				GCC_PRECOMPILE_PREFIX_HEADER = YES;
				GCC_PREFIX_HEADER = "$(SYSTEM_LIBRARY_DIR)/Frameworks/Carbon.framework/Headers/Carbon.h";
				INFOPLIST_FILE = "openFrameworks-Info.plist";
				INSTALL_PATH = "$(HOME)/Applications";
				LIBRARY_SEARCH_PATHS = (
					"$(inherited)",
					"$(LIBRARY_SEARCH_PATHS_QUOTED_FOR_TARGET_1)",
					"$(LIBRARY_SEARCH_PATHS_QUOTED_FOR_TARGET_2)",
					"$(LIBRARY_SEARCH_PATHS_QUOTED_FOR_TARGET_3)",
					"$(LIBRARY_SEARCH_PATHS_QUOTED_FOR_TARGET_4)",
					"$(LIBRARY_SEARCH_PATHS_QUOTED_FOR_TARGET_5)",
					"$(LIBRARY_SEARCH_PATHS_QUOTED_FOR_TARGET_6)",
					"$(LIBRARY_SEARCH_PATHS_QUOTED_FOR_TARGET_7)",
					"$(LIBRARY_SEARCH_PATHS_QUOTED_FOR_TARGET_8)",
					"$(LIBRARY_SEARCH_PATHS_QUOTED_FOR_TARGET_9)",
					"$(LIBRARY_SEARCH_PATHS_QUOTED_FOR_TARGET_10)",
					"$(LIBRARY_SEARCH_PATHS_QUOTED_FOR_TARGET_11)",
					"$(LIBRARY_SEARCH_PATHS_QUOTED_FOR_TARGET_12)",
					"$(LIBRARY_SEARCH_PATHS_QUOTED_FOR_TARGET_13)",
					"$(LIBRARY_SEARCH_PATHS_QUOTED_FOR_TARGET_14)",
					"$(LIBRARY_SEARCH_PATHS_QUOTED_FOR_TARGET_15)",
					"$(LIBRARY_SEARCH_PATHS_QUOTED_FOR_TARGET_2)",
					"$(LIBRARY_SEARCH_PATHS_QUOTED_FOR_TARGET_3)",
					"$(LIBRARY_SEARCH_PATHS_QUOTED_FOR_TARGET_7)",
					"$(LIBRARY_SEARCH_PATHS_QUOTED_FOR_TARGET_8)",
				);
				LIBRARY_SEARCH_PATHS_QUOTED_FOR_TARGET_1 = "\"$(SRCROOT)/../../../libs/freeimage/lib/osx\"";
				LIBRARY_SEARCH_PATHS_QUOTED_FOR_TARGET_14 = "\"$(SRCROOT)/../../../libs/fmodex/lib/osx\"";
				LIBRARY_SEARCH_PATHS_QUOTED_FOR_TARGET_15 = "\"$(SRCROOT)/../../../libs/freetype/lib/osx\"";
				LIBRARY_SEARCH_PATHS_QUOTED_FOR_TARGET_2 = "\"$(SRCROOT)/../../../libs/FreeImage/lib/osx\"";
				LIBRARY_SEARCH_PATHS_QUOTED_FOR_TARGET_3 = "\"$(SRCROOT)/../../libs/ARTKPLUS/lib\"";
				LIBRARY_SEARCH_PATHS_QUOTED_FOR_TARGET_4 = "\"$(SRCROOT)/../../../libs/GLee/lib/osx\"";
				LIBRARY_SEARCH_PATHS_QUOTED_FOR_TARGET_5 = "\"$(SRCROOT)/../../../libs/poco/lib/osx\"";
				LIBRARY_SEARCH_PATHS_QUOTED_FOR_TARGET_6 = "\"$(SRCROOT)/../../../libs/rtAudio/lib/osx\"";
				LIBRARY_SEARCH_PATHS_QUOTED_FOR_TARGET_7 = "\"$(SRCROOT)/../../libs/ARToolKitStatic/lib\"";
				LIBRARY_SEARCH_PATHS_QUOTED_FOR_TARGET_8 = "\"$(SRCROOT)/../../addons/ofxOpenCv/libs/opencv/lib/osx\"";
				PREBINDING = NO;
				PRODUCT_NAME = ArTest;
				WRAPPER_EXTENSION = app;
				ZERO_LINK = NO;
			};
			name = Debug;
		};
		E4B69B610A3A1757003C02F2 /* Release */ = {
			isa = XCBuildConfiguration;
			buildSettings = {
				COPY_PHASE_STRIP = YES;
				FRAMEWORK_SEARCH_PATHS = (
					"$(inherited)",
					"$(FRAMEWORK_SEARCH_PATHS_QUOTED_FOR_TARGET_1)",
				);
				FRAMEWORK_SEARCH_PATHS_QUOTED_FOR_TARGET_1 = "\"$(SRCROOT)/../../../libs/glut/lib/osx\"";
				GCC_ENABLE_FIX_AND_CONTINUE = NO;
				GCC_GENERATE_DEBUGGING_SYMBOLS = NO;
				GCC_MODEL_TUNING = G4;
				GCC_PRECOMPILE_PREFIX_HEADER = YES;
				GCC_PREFIX_HEADER = "$(SYSTEM_LIBRARY_DIR)/Frameworks/Carbon.framework/Headers/Carbon.h";
				INFOPLIST_FILE = "openFrameworks-Info.plist";
				INSTALL_PATH = "$(HOME)/Applications";
				LIBRARY_SEARCH_PATHS = (
					"$(inherited)",
					"$(LIBRARY_SEARCH_PATHS_QUOTED_FOR_TARGET_1)",
					"$(LIBRARY_SEARCH_PATHS_QUOTED_FOR_TARGET_2)",
					"$(LIBRARY_SEARCH_PATHS_QUOTED_FOR_TARGET_3)",
					"$(LIBRARY_SEARCH_PATHS_QUOTED_FOR_TARGET_4)",
					"$(LIBRARY_SEARCH_PATHS_QUOTED_FOR_TARGET_5)",
					"$(LIBRARY_SEARCH_PATHS_QUOTED_FOR_TARGET_6)",
					"$(LIBRARY_SEARCH_PATHS_QUOTED_FOR_TARGET_7)",
					"$(LIBRARY_SEARCH_PATHS_QUOTED_FOR_TARGET_8)",
					"$(LIBRARY_SEARCH_PATHS_QUOTED_FOR_TARGET_9)",
					"$(LIBRARY_SEARCH_PATHS_QUOTED_FOR_TARGET_10)",
					"$(LIBRARY_SEARCH_PATHS_QUOTED_FOR_TARGET_11)",
					"$(LIBRARY_SEARCH_PATHS_QUOTED_FOR_TARGET_12)",
					"$(LIBRARY_SEARCH_PATHS_QUOTED_FOR_TARGET_13)",
					"$(LIBRARY_SEARCH_PATHS_QUOTED_FOR_TARGET_14)",
					"$(LIBRARY_SEARCH_PATHS_QUOTED_FOR_TARGET_15)",
					"$(LIBRARY_SEARCH_PATHS_QUOTED_FOR_TARGET_2)",
					"$(LIBRARY_SEARCH_PATHS_QUOTED_FOR_TARGET_3)",
					"$(LIBRARY_SEARCH_PATHS_QUOTED_FOR_TARGET_7)",
					"$(LIBRARY_SEARCH_PATHS_QUOTED_FOR_TARGET_8)",
				);
				LIBRARY_SEARCH_PATHS_QUOTED_FOR_TARGET_1 = "\"$(SRCROOT)/../../../libs/freeimage/lib/osx\"";
				LIBRARY_SEARCH_PATHS_QUOTED_FOR_TARGET_14 = "\"$(SRCROOT)/../../../libs/fmodex/lib/osx\"";
				LIBRARY_SEARCH_PATHS_QUOTED_FOR_TARGET_15 = "\"$(SRCROOT)/../../../libs/freetype/lib/osx\"";
				LIBRARY_SEARCH_PATHS_QUOTED_FOR_TARGET_2 = "\"$(SRCROOT)/../../../libs/FreeImage/lib/osx\"";
				LIBRARY_SEARCH_PATHS_QUOTED_FOR_TARGET_3 = "\"$(SRCROOT)/../../libs/ARTKPLUS/lib\"";
				LIBRARY_SEARCH_PATHS_QUOTED_FOR_TARGET_4 = "\"$(SRCROOT)/../../../libs/GLee/lib/osx\"";
				LIBRARY_SEARCH_PATHS_QUOTED_FOR_TARGET_5 = "\"$(SRCROOT)/../../../libs/poco/lib/osx\"";
				LIBRARY_SEARCH_PATHS_QUOTED_FOR_TARGET_6 = "\"$(SRCROOT)/../../../libs/rtAudio/lib/osx\"";
				LIBRARY_SEARCH_PATHS_QUOTED_FOR_TARGET_7 = "\"$(SRCROOT)/../../libs/ARToolKitStatic/lib\"";
				LIBRARY_SEARCH_PATHS_QUOTED_FOR_TARGET_8 = "\"$(SRCROOT)/../../addons/ofxOpenCv/libs/opencv/lib/osx\"";
				PREBINDING = NO;
				PRODUCT_NAME = ArTest;
				WRAPPER_EXTENSION = app;
				ZERO_LINK = NO;
			};
			name = Release;
		};
/* End XCBuildConfiguration section */

/* Begin XCConfigurationList section */
		E4B69B4D0A3A1720003C02F2 /* Build configuration list for PBXProject "ArTest" */ = {
			isa = XCConfigurationList;
			buildConfigurations = (
				E4B69B4E0A3A1720003C02F2 /* Debug */,
				E4B69B4F0A3A1720003C02F2 /* Release */,
				E4B27CA010CBF8A600536013 /* ReleaseUniversal */,
			);
			defaultConfigurationIsVisible = 0;
			defaultConfigurationName = Release;
		};
		E4B69B5F0A3A1757003C02F2 /* Build configuration list for PBXNativeTarget "ArTest" */ = {
			isa = XCConfigurationList;
			buildConfigurations = (
				E4B69B600A3A1757003C02F2 /* Debug */,
				E4B69B610A3A1757003C02F2 /* Release */,
				E4B27CA110CBF8A600536013 /* ReleaseUniversal */,
			);
			defaultConfigurationIsVisible = 0;
			defaultConfigurationName = Release;
		};
/* End XCConfigurationList section */
	};
	rootObject = E4B69B4C0A3A1720003C02F2 /* Project object */;
}
